<?xml version="1.0" encoding="utf-8"?>
<Project ToolsVersion="4.0" xmlns="http://schemas.microsoft.com/developer/msbuild/2003">
  <ItemGroup>
    <Filter Include="Source Files">
      <UniqueIdentifier>{4FC737F1-C7A5-4376-A066-2A32D752A2FF}</UniqueIdentifier>
      <Extensions>cpp;cxx;c;def</Extensions>
    </Filter>
    <Filter Include="Header Files">
      <UniqueIdentifier>{93995380-89BD-4b04-88EB-625FBE52EBFB}</UniqueIdentifier>
      <Extensions>h</Extensions>
    </Filter>
    <Filter Include="Form Files">
      <UniqueIdentifier>{99349809-55BA-4b9d-BF79-8FDBB0286EB3}</UniqueIdentifier>
      <Extensions>ui</Extensions>
    </Filter>
    <Filter Include="Resource Files">
      <UniqueIdentifier>{D9D6E242-F8AF-46E4-B9FD-80ECBC20BA3E}</UniqueIdentifier>
      <Extensions>qrc;*</Extensions>
      <ParseFiles>false</ParseFiles>
    </Filter>
    <Filter Include="Generated Files">
      <UniqueIdentifier>{71ED8ED8-ACB9-4CE9-BBE1-E00B30144E11}</UniqueIdentifier>
      <Extensions>moc;h;cpp</Extensions>
      <SourceControlFiles>False</SourceControlFiles>
    </Filter>
    <Filter Include="Generated Files\Debug">
      <UniqueIdentifier>{5b609ffe-825a-4e7b-bbf1-209f2a4850f7}</UniqueIdentifier>
      <Extensions>cpp;moc</Extensions>
      <SourceControlFiles>False</SourceControlFiles>
    </Filter>
    <Filter Include="Generated Files\Release">
      <UniqueIdentifier>{cc132153-277c-47d2-a5e3-7da0751ff576}</UniqueIdentifier>
      <Extensions>cpp;moc</Extensions>
      <SourceControlFiles>False</SourceControlFiles>
    </Filter>
    <Filter Include="Source Files\ui">
      <UniqueIdentifier>{e26e69d2-d47b-4e8e-a910-885c36508195}</UniqueIdentifier>
    </Filter>
    <Filter Include="Source Files\ui\polygons">
      <UniqueIdentifier>{45a2a54f-b82e-407f-b68d-5dc0091f35b0}</UniqueIdentifier>
    </Filter>
    <Filter Include="Source Files\ui\viewer">
      <UniqueIdentifier>{f5bfb8b4-29bd-4e0b-b5fc-86308d9fd8dd}</UniqueIdentifier>
    </Filter>
    <Filter Include="Source Files\ui\manipulators">
      <UniqueIdentifier>{a281a544-98a3-4b25-869e-5d1ac2d5638a}</UniqueIdentifier>
    </Filter>
    <Filter Include="Source Files\cradle">
      <UniqueIdentifier>{9f242f0e-7234-41db-9134-0968f5d328c4}</UniqueIdentifier>
    </Filter>
  </ItemGroup>
  <ItemGroup>
    <ResourceCompile Include="platypus.rc" />
  </ItemGroup>
  <ItemGroup>
    <ClCompile Include="src\imageManager.cpp">
      <Filter>Source Files\ui</Filter>
    </ClCompile>
    <ClCompile Include="GeneratedFiles\Debug\moc_imageManager.cpp">
      <Filter>Generated Files\Debug</Filter>
    </ClCompile>
    <ClCompile Include="GeneratedFiles\Release\moc_imageManager.cpp">
      <Filter>Generated Files\Release</Filter>
    </ClCompile>
    <ClCompile Include="src\main.cpp">
      <Filter>Source Files\ui</Filter>
    </ClCompile>
    <ClCompile Include="src\mainWindow.cpp">
      <Filter>Source Files\ui</Filter>
    </ClCompile>
    <ClCompile Include="GeneratedFiles\Debug\moc_mainWindow.cpp">
      <Filter>Generated Files\Debug</Filter>
    </ClCompile>
    <ClCompile Include="GeneratedFiles\Release\moc_mainWindow.cpp">
      <Filter>Generated Files\Release</Filter>
    </ClCompile>
    <ClCompile Include="GeneratedFiles\qrc_platypus.cpp">
      <Filter>Generated Files</Filter>
    </ClCompile>
    <ClCompile Include="GeneratedFiles\Debug\moc_viewer.cpp">
      <Filter>Generated Files\Debug</Filter>
    </ClCompile>
    <ClCompile Include="GeneratedFiles\Release\moc_viewer.cpp">
      <Filter>Generated Files\Release</Filter>
    </ClCompile>
    <ClCompile Include="GeneratedFiles\Debug\moc_viewerScroller.cpp">
      <Filter>Generated Files\Debug</Filter>
    </ClCompile>
    <ClCompile Include="GeneratedFiles\Release\moc_viewerScroller.cpp">
      <Filter>Generated Files\Release</Filter>
    </ClCompile>
    <ClCompile Include="GeneratedFiles\Debug\moc_imageSource.cpp">
      <Filter>Generated Files\Debug</Filter>
    </ClCompile>
    <ClCompile Include="GeneratedFiles\Release\moc_imageSource.cpp">
      <Filter>Generated Files\Release</Filter>
    </ClCompile>
    <ClCompile Include="GeneratedFiles\Debug\moc_imageViewer.cpp">
      <Filter>Generated Files\Debug</Filter>
    </ClCompile>
    <ClCompile Include="GeneratedFiles\Release\moc_imageViewer.cpp">
      <Filter>Generated Files\Release</Filter>
    </ClCompile>
    <ClCompile Include="src\project.cpp">
      <Filter>Source Files\ui</Filter>
    </ClCompile>
    <ClCompile Include="GeneratedFiles\Debug\moc_project.cpp">
      <Filter>Generated Files\Debug</Filter>
    </ClCompile>
    <ClCompile Include="GeneratedFiles\Release\moc_project.cpp">
      <Filter>Generated Files\Release</Filter>
    </ClCompile>
    <ClCompile Include="GeneratedFiles\Debug\moc_polygon.cpp">
      <Filter>Generated Files\Debug</Filter>
    </ClCompile>
    <ClCompile Include="GeneratedFiles\Release\moc_polygon.cpp">
      <Filter>Generated Files\Release</Filter>
    </ClCompile>
    <ClCompile Include="src\undoManager.cpp">
      <Filter>Source Files\ui</Filter>
    </ClCompile>
    <ClCompile Include="GeneratedFiles\Debug\moc_undoManager.cpp">
      <Filter>Generated Files\Debug</Filter>
    </ClCompile>
    <ClCompile Include="GeneratedFiles\Release\moc_undoManager.cpp">
      <Filter>Generated Files\Release</Filter>
    </ClCompile>
    <ClCompile Include="GeneratedFiles\Debug\moc_drawManipulator.cpp">
      <Filter>Generated Files\Debug</Filter>
    </ClCompile>
    <ClCompile Include="GeneratedFiles\Release\moc_drawManipulator.cpp">
      <Filter>Generated Files\Release</Filter>
    </ClCompile>
    <ClCompile Include="GeneratedFiles\Debug\moc_manipulator.cpp">
      <Filter>Generated Files\Debug</Filter>
    </ClCompile>
    <ClCompile Include="GeneratedFiles\Release\moc_manipulator.cpp">
      <Filter>Generated Files\Release</Filter>
    </ClCompile>
    <ClCompile Include="GeneratedFiles\Debug\moc_editManipulator.cpp">
      <Filter>Generated Files\Debug</Filter>
    </ClCompile>
    <ClCompile Include="GeneratedFiles\Release\moc_editManipulator.cpp">
      <Filter>Generated Files\Release</Filter>
    </ClCompile>
    <ClCompile Include="src\polygonCommands.cpp">
      <Filter>Source Files\ui\polygons</Filter>
    </ClCompile>
    <ClCompile Include="src\polygon.cpp">
      <Filter>Source Files\ui\polygons</Filter>
    </ClCompile>
    <ClCompile Include="src\viewer.cpp">
      <Filter>Source Files\ui\viewer</Filter>
    </ClCompile>
    <ClCompile Include="src\viewerScroller.cpp">
      <Filter>Source Files\ui\viewer</Filter>
    </ClCompile>
    <ClCompile Include="src\imageViewer.cpp">
      <Filter>Source Files\ui\viewer</Filter>
    </ClCompile>
    <ClCompile Include="src\imageSource.cpp">
      <Filter>Source Files\ui\viewer</Filter>
    </ClCompile>
    <ClCompile Include="src\clipboard.cpp">
      <Filter>Source Files\ui</Filter>
    </ClCompile>
    <ClCompile Include="GeneratedFiles\Debug\moc_clipboard.cpp">
      <Filter>Generated Files\Debug</Filter>
    </ClCompile>
    <ClCompile Include="GeneratedFiles\Release\moc_clipboard.cpp">
      <Filter>Generated Files\Release</Filter>
    </ClCompile>
    <ClCompile Include="src\drawManipulator.cpp">
      <Filter>Source Files\ui\manipulators</Filter>
    </ClCompile>
    <ClCompile Include="src\editManipulator.cpp">
      <Filter>Source Files\ui\manipulators</Filter>
    </ClCompile>
    <ClCompile Include="src\removeManipulator.cpp">
      <Filter>Source Files\ui\manipulators</Filter>
    </ClCompile>
    <ClCompile Include="GeneratedFiles\Debug\moc_removeManipulator.cpp">
      <Filter>Generated Files\Debug</Filter>
    </ClCompile>
    <ClCompile Include="GeneratedFiles\Release\moc_removeManipulator.cpp">
      <Filter>Generated Files\Release</Filter>
    </ClCompile>
    <ClCompile Include="src\removeSource.cpp">
      <Filter>Source Files\ui</Filter>
    </ClCompile>
    <ClCompile Include="GeneratedFiles\Debug\moc_removeSource.cpp">
      <Filter>Generated Files\Debug</Filter>
    </ClCompile>
    <ClCompile Include="GeneratedFiles\Release\moc_removeSource.cpp">
      <Filter>Generated Files\Release</Filter>
    </ClCompile>
    <ClCompile Include="src\manipulator.cpp">
      <Filter>Source Files\ui\manipulators</Filter>
    </ClCompile>
    <ClCompile Include="src\polygonManipulator.cpp">
      <Filter>Source Files\ui\manipulators</Filter>
    </ClCompile>
    <ClCompile Include="GeneratedFiles\Debug\moc_polygonManipulator.cpp">
      <Filter>Generated Files\Debug</Filter>
    </ClCompile>
    <ClCompile Include="GeneratedFiles\Release\moc_polygonManipulator.cpp">
      <Filter>Generated Files\Release</Filter>
    </ClCompile>
    <ClCompile Include="src\detectCradleDialog.cpp">
      <Filter>Source Files\ui</Filter>
    </ClCompile>
    <ClCompile Include="GeneratedFiles\Debug\moc_detectCradleDialog.cpp">
      <Filter>Generated Files\Debug</Filter>
    </ClCompile>
    <ClCompile Include="GeneratedFiles\Release\moc_detectCradleDialog.cpp">
      <Filter>Generated Files\Release</Filter>
    </ClCompile>
    <ClCompile Include="src\slider.cpp">
      <Filter>Source Files\ui</Filter>
    </ClCompile>
    <ClCompile Include="GeneratedFiles\Debug\moc_slider.cpp">
      <Filter>Generated Files\Debug</Filter>
    </ClCompile>
    <ClCompile Include="GeneratedFiles\Release\moc_slider.cpp">
      <Filter>Generated Files\Release</Filter>
    </ClCompile>
    <ClCompile Include="src\textureManipulator.cpp">
      <Filter>Source Files\ui\manipulators</Filter>
    </ClCompile>
    <ClCompile Include="GeneratedFiles\Debug\moc_textureManipulator.cpp">
      <Filter>Generated Files\Debug</Filter>
    </ClCompile>
    <ClCompile Include="GeneratedFiles\Release\moc_textureManipulator.cpp">
      <Filter>Generated Files\Release</Filter>
    </ClCompile>
    <ClCompile Include="src\maskManipulator.cpp">
      <Filter>Source Files\ui\manipulators</Filter>
    </ClCompile>
    <ClCompile Include="GeneratedFiles\Debug\moc_maskManipulator.cpp">
      <Filter>Generated Files\Debug</Filter>
    </ClCompile>
    <ClCompile Include="GeneratedFiles\Release\moc_maskManipulator.cpp">
      <Filter>Generated Files\Release</Filter>
    </ClCompile>
    <ClCompile Include="src\cradle\CradleFunctions.cpp">
      <Filter>Source Files\cradle</Filter>
    </ClCompile>
    <ClCompile Include="src\cradle\DWT.cpp">
      <Filter>Source Files\cradle</Filter>
    </ClCompile>
    <ClCompile Include="src\cradle\HaarDWT.cpp">
      <Filter>Source Files\cradle</Filter>
    </ClCompile>
    <ClCompile Include="src\cradle\MCA.cpp">
      <Filter>Source Files\cradle</Filter>
    </ClCompile>
    <ClCompile Include="src\cradle\Shearlet.cpp">
      <Filter>Source Files\cradle</Filter>
    </ClCompile>
    <ClCompile Include="src\cradle\TextureRemoval.cpp">
      <Filter>Source Files\cradle</Filter>
    </ClCompile>
    <ClCompile Include="src\cradle\FDCT.cpp">
      <Filter>Source Files\cradle</Filter>
    </ClCompile>
    <ClCompile Include="src\cradle\FFST.cpp">
      <Filter>Source Files\cradle</Filter>
    </ClCompile>
  </ItemGroup>
  <ItemGroup>
    <CustomBuild Include="src\imageManager.h">
      <Filter>Source Files\ui</Filter>
    </CustomBuild>
    <CustomBuild Include="src\mainWindow.h">
      <Filter>Source Files\ui</Filter>
    </CustomBuild>
    <CustomBuild Include="src\platypus.qrc">
      <Filter>Source Files\ui</Filter>
    </CustomBuild>
    <CustomBuild Include="src\project.h">
      <Filter>Source Files\ui</Filter>
    </CustomBuild>
    <CustomBuild Include="src\undoManager.h">
      <Filter>Source Files\ui</Filter>
    </CustomBuild>
    <CustomBuild Include="src\polygon.h">
      <Filter>Source Files\ui\polygons</Filter>
    </CustomBuild>
    <CustomBuild Include="src\viewer.h">
      <Filter>Source Files\ui\viewer</Filter>
    </CustomBuild>
    <CustomBuild Include="src\viewerScroller.h">
      <Filter>Source Files\ui\viewer</Filter>
    </CustomBuild>
    <CustomBuild Include="src\imageViewer.h">
      <Filter>Source Files\ui\viewer</Filter>
    </CustomBuild>
    <CustomBuild Include="src\imageSource.h">
      <Filter>Source Files\ui\viewer</Filter>
    </CustomBuild>
    <CustomBuild Include="src\clipboard.h">
      <Filter>Source Files\ui</Filter>
    </CustomBuild>
    <CustomBuild Include="src\drawManipulator.h">
      <Filter>Source Files\ui\manipulators</Filter>
    </CustomBuild>
    <CustomBuild Include="src\editManipulator.h">
      <Filter>Source Files\ui\manipulators</Filter>
    </CustomBuild>
    <CustomBuild Include="src\removeManipulator.h">
      <Filter>Source Files\ui\manipulators</Filter>
    </CustomBuild>
    <CustomBuild Include="src\removeSource.h">
      <Filter>Source Files\ui</Filter>
    </CustomBuild>
    <CustomBuild Include="src\manipulator.h">
      <Filter>Source Files\ui\manipulators</Filter>
    </CustomBuild>
    <CustomBuild Include="src\polygonManipulator.h">
      <Filter>Source Files\ui\manipulators</Filter>
    </CustomBuild>
    <CustomBuild Include="src\detectCradleDialog.h">
      <Filter>Source Files\ui</Filter>
    </CustomBuild>
    <CustomBuild Include="src\slider.h">
      <Filter>Source Files\ui</Filter>
    </CustomBuild>
    <CustomBuild Include="src\textureManipulator.h">
      <Filter>Source Files\ui\manipulators</Filter>
    </CustomBuild>
    <CustomBuild Include="src\maskManipulator.h">
      <Filter>Source Files\ui\manipulators</Filter>
    </CustomBuild>
  </ItemGroup>
  <ItemGroup>
    <ClInclude Include="src\polygonCommands.h">
      <Filter>Source Files\ui\polygons</Filter>
    </ClInclude>
    <ClInclude Include="src\cradle\compat.h">
      <Filter>Source Files\cradle</Filter>
    </ClInclude>
    <ClInclude Include="src\cradle\CradleFunctions.h">
      <Filter>Source Files\cradle</Filter>
    </ClInclude>
    <ClInclude Include="src\cradle\DWT.h">
      <Filter>Source Files\cradle</Filter>
    </ClInclude>
    <ClInclude Include="src\cradle\HaarDWT.h">
      <Filter>Source Files\cradle</Filter>
    </ClInclude>
    <ClInclude Include="src\cradle\MCA.h">
      <Filter>Source Files\cradle</Filter>
    </ClInclude>
    <ClInclude Include="src\cradle\Shearlet.h">
      <Filter>Source Files\cradle</Filter>
    </ClInclude>
    <ClInclude Include="src\cradle\TextureRemoval.h">
      <Filter>Source Files\cradle</Filter>
    </ClInclude>
    <ClInclude Include="src\cradle\FDCT.h">
      <Filter>Source Files\cradle</Filter>
    </ClInclude>
    <ClInclude Include="src\cradle\FFST.h">
      <Filter>Source Files\cradle</Filter>
    </ClInclude>
  </ItemGroup>
</Project>