// !$*UTF8*$!
{
	archiveVersion = 1;
	classes = {
	};
	objectVersion = 46;
	objects = {

/* Begin PBXBuildFile section */
		DA1370DF1BE3BDC800506CB2 /* FDCT.cpp in Sources */ = {isa = PBXBuildFile; fileRef = DA1370DD1BE3BDC800506CB2 /* FDCT.cpp */; };
		DA2800061B668B56009FF90F /* libcradle.dylib in Copy Frameworks */ = {isa = PBXBuildFile; fileRef = DA28FFF91B668B1B009FF90F /* libcradle.dylib */; settings = {ATTRIBUTES = (CodeSignOnCopy, ); }; };
		DA2800071B668C76009FF90F /* libopencv_core.2.4.9.dylib in Frameworks */ = {isa = PBXBuildFile; fileRef = DAAB77F51B2895F7008CA366 /* libopencv_core.2.4.9.dylib */; };
		DA2800081B668C76009FF90F /* libopencv_highgui.2.4.9.dylib in Frameworks */ = {isa = PBXBuildFile; fileRef = DAAB77F61B2895F7008CA366 /* libopencv_highgui.2.4.9.dylib */; };
		DA2800091B668C76009FF90F /* libopencv_imgproc.2.4.9.dylib in Frameworks */ = {isa = PBXBuildFile; fileRef = DAAB77F71B2895F7008CA366 /* libopencv_imgproc.2.4.9.dylib */; };
		DA2B0E7F1B3B39600054DA88 /* QtPrintSupport.framework in Frameworks */ = {isa = PBXBuildFile; fileRef = DA2B0E7E1B3B39600054DA88 /* QtPrintSupport.framework */; };
		DA2B0E811B3B39A70054DA88 /* QtPrintSupport.framework in Copy Frameworks */ = {isa = PBXBuildFile; fileRef = DA2B0E7E1B3B39600054DA88 /* QtPrintSupport.framework */; settings = {ATTRIBUTES = (CodeSignOnCopy, RemoveHeadersOnCopy, ); }; };
		DA2B0E821B3B96890054DA88 /* libopencv_core.2.4.9.dylib in Copy Frameworks */ = {isa = PBXBuildFile; fileRef = DAAB77F51B2895F7008CA366 /* libopencv_core.2.4.9.dylib */; settings = {ATTRIBUTES = (CodeSignOnCopy, ); }; };
		DA2B0E831B3B96890054DA88 /* libopencv_highgui.2.4.9.dylib in Copy Frameworks */ = {isa = PBXBuildFile; fileRef = DAAB77F61B2895F7008CA366 /* libopencv_highgui.2.4.9.dylib */; settings = {ATTRIBUTES = (CodeSignOnCopy, ); }; };
		DA2B0E841B3B96890054DA88 /* libopencv_imgproc.2.4.9.dylib in Copy Frameworks */ = {isa = PBXBuildFile; fileRef = DAAB77F71B2895F7008CA366 /* libopencv_imgproc.2.4.9.dylib */; settings = {ATTRIBUTES = (CodeSignOnCopy, ); }; };
		DA7C0D401B31C34D008CF620 /* clipboard.cpp in Sources */ = {isa = PBXBuildFile; fileRef = DA7C0D321B31C34D008CF620 /* clipboard.cpp */; };
		DA7C0D411B31C34D008CF620 /* editManipulator.cpp in Sources */ = {isa = PBXBuildFile; fileRef = DA7C0D341B31C34D008CF620 /* editManipulator.cpp */; };
		DA7C0D441B31C34D008CF620 /* maskManipulator.cpp in Sources */ = {isa = PBXBuildFile; fileRef = DA7C0D3A1B31C34D008CF620 /* maskManipulator.cpp */; };
		DA7C0D451B31C34D008CF620 /* maskShape.cpp in Sources */ = {isa = PBXBuildFile; fileRef = DA7C0D3C1B31C34D008CF620 /* maskShape.cpp */; };
		DA7C0D461B31C34D008CF620 /* polygonCommands.cpp in Sources */ = {isa = PBXBuildFile; fileRef = DA7C0D3E1B31C34D008CF620 /* polygonCommands.cpp */; };
		DA7C0D4C1B31C35C008CF620 /* moc_clipboard.cpp in Sources */ = {isa = PBXBuildFile; fileRef = DA7C0D471B31C35C008CF620 /* moc_clipboard.cpp */; };
		DA7C0D4D1B31C35C008CF620 /* moc_editManipulator.cpp in Sources */ = {isa = PBXBuildFile; fileRef = DA7C0D481B31C35C008CF620 /* moc_editManipulator.cpp */; };
		DA7C0D4F1B31C35C008CF620 /* moc_maskManipulator.cpp in Sources */ = {isa = PBXBuildFile; fileRef = DA7C0D4A1B31C35C008CF620 /* moc_maskManipulator.cpp */; };
		DA7C0D501B31C35C008CF620 /* moc_maskShape.cpp in Sources */ = {isa = PBXBuildFile; fileRef = DA7C0D4B1B31C35C008CF620 /* moc_maskShape.cpp */; };
		DA95593F1B4316FC005F61FE /* slider.cpp in Sources */ = {isa = PBXBuildFile; fileRef = DA95593D1B4316FC005F61FE /* slider.cpp */; };
		DA9559411B43202D005F61FE /* moc_slider.cpp in Sources */ = {isa = PBXBuildFile; fileRef = DA9559401B43202D005F61FE /* moc_slider.cpp */; };
		DA988A311C04C9FC00210F02 /* FFST.cpp in Sources */ = {isa = PBXBuildFile; fileRef = DA988A2F1C04C9FC00210F02 /* FFST.cpp */; };
		DAAB77C21B287A48008CA366 /* imageManager.cpp in Sources */ = {isa = PBXBuildFile; fileRef = DAAB77A61B287A48008CA366 /* imageManager.cpp */; };
		DAAB77C31B287A48008CA366 /* imageSource.cpp in Sources */ = {isa = PBXBuildFile; fileRef = DAAB77A81B287A48008CA366 /* imageSource.cpp */; };
		DAAB77C41B287A48008CA366 /* imageViewer.cpp in Sources */ = {isa = PBXBuildFile; fileRef = DAAB77AA1B287A48008CA366 /* imageViewer.cpp */; };
		DAAB77C51B287A48008CA366 /* main.cpp in Sources */ = {isa = PBXBuildFile; fileRef = DAAB77AC1B287A48008CA366 /* main.cpp */; };
		DAAB77C61B287A48008CA366 /* mainWindow.cpp in Sources */ = {isa = PBXBuildFile; fileRef = DAAB77AD1B287A48008CA366 /* mainWindow.cpp */; };
		DAAB77C81B287A48008CA366 /* polygon.cpp in Sources */ = {isa = PBXBuildFile; fileRef = DAAB77B01B287A48008CA366 /* polygon.cpp */; };
		DAAB77C91B287A48008CA366 /* project.cpp in Sources */ = {isa = PBXBuildFile; fileRef = DAAB77B21B287A48008CA366 /* project.cpp */; };
		DAAB77CA1B287A48008CA366 /* undoManager.cpp in Sources */ = {isa = PBXBuildFile; fileRef = DAAB77B41B287A48008CA366 /* undoManager.cpp */; };
		DAAB77CB1B287A48008CA366 /* viewer.cpp in Sources */ = {isa = PBXBuildFile; fileRef = DAAB77B61B287A48008CA366 /* viewer.cpp */; };
		DAAB77CC1B287A48008CA366 /* viewerScroller.cpp in Sources */ = {isa = PBXBuildFile; fileRef = DAAB77B81B287A48008CA366 /* viewerScroller.cpp */; };
		DAAB77DA1B287BD6008CA366 /* moc_imageManager.cpp in Sources */ = {isa = PBXBuildFile; fileRef = DAAB77D01B287BD6008CA366 /* moc_imageManager.cpp */; };
		DAAB77DB1B287BD6008CA366 /* moc_imageSource.cpp in Sources */ = {isa = PBXBuildFile; fileRef = DAAB77D11B287BD6008CA366 /* moc_imageSource.cpp */; };
		DAAB77DC1B287BD6008CA366 /* moc_imageViewer.cpp in Sources */ = {isa = PBXBuildFile; fileRef = DAAB77D21B287BD6008CA366 /* moc_imageViewer.cpp */; };
		DAAB77DD1B287BD6008CA366 /* moc_mainWindow.cpp in Sources */ = {isa = PBXBuildFile; fileRef = DAAB77D31B287BD6008CA366 /* moc_mainWindow.cpp */; };
		DAAB77DE1B287BD6008CA366 /* moc_polygon.cpp in Sources */ = {isa = PBXBuildFile; fileRef = DAAB77D41B287BD6008CA366 /* moc_polygon.cpp */; };
		DAAB77DF1B287BD6008CA366 /* moc_project.cpp in Sources */ = {isa = PBXBuildFile; fileRef = DAAB77D51B287BD6008CA366 /* moc_project.cpp */; };
		DAAB77E01B287BD6008CA366 /* moc_undoManager.cpp in Sources */ = {isa = PBXBuildFile; fileRef = DAAB77D61B287BD6008CA366 /* moc_undoManager.cpp */; };
		DAAB77E11B287BD6008CA366 /* moc_viewer.cpp in Sources */ = {isa = PBXBuildFile; fileRef = DAAB77D71B287BD6008CA366 /* moc_viewer.cpp */; };
		DAAB77E21B287BD6008CA366 /* moc_viewerScroller.cpp in Sources */ = {isa = PBXBuildFile; fileRef = DAAB77D81B287BD6008CA366 /* moc_viewerScroller.cpp */; };
		DAAB77E31B287BD6008CA366 /* resources.cpp in Sources */ = {isa = PBXBuildFile; fileRef = DAAB77D91B287BD6008CA366 /* resources.cpp */; };
		DAB6D9DC1B038A0200C1C4FF /* Cocoa.framework in Frameworks */ = {isa = PBXBuildFile; fileRef = DAB6D9D81B038A0200C1C4FF /* Cocoa.framework */; };
		DAB6D9DE1B038A0200C1C4FF /* Carbon.framework in Frameworks */ = {isa = PBXBuildFile; fileRef = DAB6D9DA1B038A0200C1C4FF /* Carbon.framework */; };
		DAB6D9E01B038A1D00C1C4FF /* OpenGL.framework in Frameworks */ = {isa = PBXBuildFile; fileRef = DAB6D9DF1B038A1D00C1C4FF /* OpenGL.framework */; };
		DAB6D9E41B038BBA00C1C4FF /* IOKit.framework in Frameworks */ = {isa = PBXBuildFile; fileRef = DAB6D9E31B038BBA00C1C4FF /* IOKit.framework */; };
		DAC84D831B8F65B000E15280 /* CradleFunctions.cpp in Sources */ = {isa = PBXBuildFile; fileRef = DAAB77991B287A48008CA366 /* CradleFunctions.cpp */; };
		DAC84D841B8F65B000E15280 /* DWT.cpp in Sources */ = {isa = PBXBuildFile; fileRef = DAAB779B1B287A48008CA366 /* DWT.cpp */; };
		DAC84D851B8F65B000E15280 /* HaarDWT.cpp in Sources */ = {isa = PBXBuildFile; fileRef = DAAB779D1B287A48008CA366 /* HaarDWT.cpp */; };
		DAC84D861B8F65B000E15280 /* MCA.cpp in Sources */ = {isa = PBXBuildFile; fileRef = DAAB77A01B287A48008CA366 /* MCA.cpp */; };
		DAC84D871B8F65B000E15280 /* Shearlet.cpp in Sources */ = {isa = PBXBuildFile; fileRef = DAAB77A21B287A48008CA366 /* Shearlet.cpp */; };
		DAC84D881B8F65B000E15280 /* TextureRemoval.cpp in Sources */ = {isa = PBXBuildFile; fileRef = DAAB77A41B287A48008CA366 /* TextureRemoval.cpp */; };
		DACF50401B669B08006F8296 /* libopencv_core.2.4.9.dylib in Frameworks */ = {isa = PBXBuildFile; fileRef = DAAB77F51B2895F7008CA366 /* libopencv_core.2.4.9.dylib */; };
		DACF50411B669B09006F8296 /* libopencv_highgui.2.4.9.dylib in Frameworks */ = {isa = PBXBuildFile; fileRef = DAAB77F61B2895F7008CA366 /* libopencv_highgui.2.4.9.dylib */; };
		DACF50421B669B0B006F8296 /* libopencv_imgproc.2.4.9.dylib in Frameworks */ = {isa = PBXBuildFile; fileRef = DAAB77F71B2895F7008CA366 /* libopencv_imgproc.2.4.9.dylib */; };
		DAD2958C1B58483600848DB8 /* AppIcon.icns in Resources */ = {isa = PBXBuildFile; fileRef = DAD2958B1B58483600848DB8 /* AppIcon.icns */; };
		DAD9280A1B4C3D3200B44109 /* textureManipulator.cpp in Sources */ = {isa = PBXBuildFile; fileRef = DAD928081B4C3D3200B44109 /* textureManipulator.cpp */; };
		DAD9280C1B4C3DEA00B44109 /* moc_textureManipulator.cpp in Sources */ = {isa = PBXBuildFile; fileRef = DAD9280B1B4C3DEA00B44109 /* moc_textureManipulator.cpp */; };
		DAE81B8B1B2A1F8A00E91B1D /* drawManipulator.cpp in Sources */ = {isa = PBXBuildFile; fileRef = DAE81B891B2A1F8A00E91B1D /* drawManipulator.cpp */; };
		DAE81B8E1B2A233A00E91B1D /* moc_drawManipulator.cpp in Sources */ = {isa = PBXBuildFile; fileRef = DAE81B8C1B2A233A00E91B1D /* moc_drawManipulator.cpp */; };
		DAE81B8F1B2A233A00E91B1D /* moc_manipulator.cpp in Sources */ = {isa = PBXBuildFile; fileRef = DAE81B8D1B2A233A00E91B1D /* moc_manipulator.cpp */; };
		DAE984351B445FFB00E02557 /* platypus.r in Rez */ = {isa = PBXBuildFile; fileRef = DAE9842E1B445FE900E02557 /* platypus.r */; };
		DAE984371B44624700E02557 /* tiff.cpp in Sources */ = {isa = PBXBuildFile; fileRef = DAE9842F1B445FE900E02557 /* tiff.cpp */; };
		DAE984721B4462AE00E02557 /* tif_aux.c in Sources */ = {isa = PBXBuildFile; fileRef = DAE9843B1B4462AE00E02557 /* tif_aux.c */; };
		DAE984731B4462AE00E02557 /* tif_close.c in Sources */ = {isa = PBXBuildFile; fileRef = DAE9843C1B4462AE00E02557 /* tif_close.c */; };
		DAE984741B4462AE00E02557 /* tif_codec.c in Sources */ = {isa = PBXBuildFile; fileRef = DAE9843D1B4462AE00E02557 /* tif_codec.c */; };
		DAE984751B4462AE00E02557 /* tif_color.c in Sources */ = {isa = PBXBuildFile; fileRef = DAE9843E1B4462AE00E02557 /* tif_color.c */; };
		DAE984761B4462AE00E02557 /* tif_compress.c in Sources */ = {isa = PBXBuildFile; fileRef = DAE9843F1B4462AE00E02557 /* tif_compress.c */; };
		DAE984791B4462AE00E02557 /* tif_dir.c in Sources */ = {isa = PBXBuildFile; fileRef = DAE984431B4462AE00E02557 /* tif_dir.c */; };
		DAE9847A1B4462AE00E02557 /* tif_dirinfo.c in Sources */ = {isa = PBXBuildFile; fileRef = DAE984451B4462AE00E02557 /* tif_dirinfo.c */; };
		DAE9847B1B4462AE00E02557 /* tif_dirread.c in Sources */ = {isa = PBXBuildFile; fileRef = DAE984461B4462AE00E02557 /* tif_dirread.c */; };
		DAE9847C1B4462AE00E02557 /* tif_dirwrite.c in Sources */ = {isa = PBXBuildFile; fileRef = DAE984471B4462AE00E02557 /* tif_dirwrite.c */; };
		DAE9847D1B4462AE00E02557 /* tif_dumpmode.c in Sources */ = {isa = PBXBuildFile; fileRef = DAE984481B4462AE00E02557 /* tif_dumpmode.c */; };
		DAE9847E1B4462AE00E02557 /* tif_error.c in Sources */ = {isa = PBXBuildFile; fileRef = DAE984491B4462AE00E02557 /* tif_error.c */; };
		DAE9847F1B4462AE00E02557 /* tif_extension.c in Sources */ = {isa = PBXBuildFile; fileRef = DAE9844A1B4462AE00E02557 /* tif_extension.c */; };
		DAE984801B4462AE00E02557 /* tif_fax3.c in Sources */ = {isa = PBXBuildFile; fileRef = DAE9844B1B4462AE00E02557 /* tif_fax3.c */; };
		DAE984811B4462AE00E02557 /* tif_fax3sm.c in Sources */ = {isa = PBXBuildFile; fileRef = DAE9844D1B4462AE00E02557 /* tif_fax3sm.c */; };
		DAE984821B4462AE00E02557 /* tif_flush.c in Sources */ = {isa = PBXBuildFile; fileRef = DAE9844E1B4462AE00E02557 /* tif_flush.c */; };
		DAE984831B4462AE00E02557 /* tif_getimage.c in Sources */ = {isa = PBXBuildFile; fileRef = DAE9844F1B4462AE00E02557 /* tif_getimage.c */; };
		DAE984851B4462AE00E02557 /* tif_luv.c in Sources */ = {isa = PBXBuildFile; fileRef = DAE984511B4462AE00E02557 /* tif_luv.c */; };
		DAE984861B4462AE00E02557 /* tif_lzw.c in Sources */ = {isa = PBXBuildFile; fileRef = DAE984521B4462AE00E02557 /* tif_lzw.c */; };
		DAE984891B4462AE00E02557 /* tif_ojpeg.c in Sources */ = {isa = PBXBuildFile; fileRef = DAE984551B4462AE00E02557 /* tif_ojpeg.c */; };
		DAE9848A1B4462AE00E02557 /* tif_open.c in Sources */ = {isa = PBXBuildFile; fileRef = DAE984561B4462AE00E02557 /* tif_open.c */; };
		DAE9848B1B4462AE00E02557 /* tif_packbits.c in Sources */ = {isa = PBXBuildFile; fileRef = DAE984571B4462AE00E02557 /* tif_packbits.c */; };
		DAE9848C1B4462AE00E02557 /* tif_pixarlog.c in Sources */ = {isa = PBXBuildFile; fileRef = DAE984581B4462AE00E02557 /* tif_pixarlog.c */; };
		DAE9848D1B4462AE00E02557 /* tif_predict.c in Sources */ = {isa = PBXBuildFile; fileRef = DAE984591B4462AE00E02557 /* tif_predict.c */; };
		DAE9848E1B4462AE00E02557 /* tif_print.c in Sources */ = {isa = PBXBuildFile; fileRef = DAE9845B1B4462AE00E02557 /* tif_print.c */; };
		DAE9848F1B4462AE00E02557 /* tif_read.c in Sources */ = {isa = PBXBuildFile; fileRef = DAE9845C1B4462AE00E02557 /* tif_read.c */; };
		DAE984901B4462AE00E02557 /* tif_stream.cxx in Sources */ = {isa = PBXBuildFile; fileRef = DAE9845D1B4462AE00E02557 /* tif_stream.cxx */; };
		DAE984911B4462AE00E02557 /* tif_strip.c in Sources */ = {isa = PBXBuildFile; fileRef = DAE9845E1B4462AE00E02557 /* tif_strip.c */; };
		DAE984921B4462AE00E02557 /* tif_swab.c in Sources */ = {isa = PBXBuildFile; fileRef = DAE9845F1B4462AE00E02557 /* tif_swab.c */; };
		DAE984931B4462AE00E02557 /* tif_thunder.c in Sources */ = {isa = PBXBuildFile; fileRef = DAE984601B4462AE00E02557 /* tif_thunder.c */; };
		DAE984941B4462AE00E02557 /* tif_tile.c in Sources */ = {isa = PBXBuildFile; fileRef = DAE984611B4462AE00E02557 /* tif_tile.c */; };
		DAE984951B4462AE00E02557 /* tif_unix.c in Sources */ = {isa = PBXBuildFile; fileRef = DAE984621B4462AE00E02557 /* tif_unix.c */; };
		DAE984961B4462AE00E02557 /* tif_version.c in Sources */ = {isa = PBXBuildFile; fileRef = DAE984631B4462AE00E02557 /* tif_version.c */; };
		DAE984971B4462AE00E02557 /* tif_warning.c in Sources */ = {isa = PBXBuildFile; fileRef = DAE984641B4462AE00E02557 /* tif_warning.c */; };
		DAE984991B4462AE00E02557 /* tif_write.c in Sources */ = {isa = PBXBuildFile; fileRef = DAE984661B4462AE00E02557 /* tif_write.c */; };
		DAE9849A1B4462AE00E02557 /* tif_zip.c in Sources */ = {isa = PBXBuildFile; fileRef = DAE984671B4462AE00E02557 /* tif_zip.c */; };
		DAE985091B446FBE00E02557 /* driver.cpp in Sources */ = {isa = PBXBuildFile; fileRef = DAE9842C1B445FE900E02557 /* driver.cpp */; };
		DAE9850A1B446FEC00E02557 /* messageBox.m in Sources */ = {isa = PBXBuildFile; fileRef = DAE9842D1B445FE900E02557 /* messageBox.m */; };
		DAE9852E1B44720300E02557 /* adler32.c in Sources */ = {isa = PBXBuildFile; fileRef = DAE9850C1B44720300E02557 /* adler32.c */; };
		DAE9852F1B44720300E02557 /* compress.c in Sources */ = {isa = PBXBuildFile; fileRef = DAE9850D1B44720300E02557 /* compress.c */; };
		DAE985301B44720300E02557 /* crc32.c in Sources */ = {isa = PBXBuildFile; fileRef = DAE9850E1B44720300E02557 /* crc32.c */; };
		DAE985311B44720300E02557 /* deflate.c in Sources */ = {isa = PBXBuildFile; fileRef = DAE985101B44720300E02557 /* deflate.c */; };
		DAE985321B44720300E02557 /* gzio.c in Sources */ = {isa = PBXBuildFile; fileRef = DAE985121B44720300E02557 /* gzio.c */; };
		DAE985331B44720300E02557 /* infblock.c in Sources */ = {isa = PBXBuildFile; fileRef = DAE985131B44720300E02557 /* infblock.c */; };
		DAE985341B44720300E02557 /* infcodes.c in Sources */ = {isa = PBXBuildFile; fileRef = DAE985151B44720300E02557 /* infcodes.c */; };
		DAE985351B44720300E02557 /* inffast.c in Sources */ = {isa = PBXBuildFile; fileRef = DAE985171B44720300E02557 /* inffast.c */; };
		DAE985361B44720300E02557 /* inflate.c in Sources */ = {isa = PBXBuildFile; fileRef = DAE9851A1B44720300E02557 /* inflate.c */; };
		DAE985371B44720300E02557 /* inftrees.c in Sources */ = {isa = PBXBuildFile; fileRef = DAE9851B1B44720300E02557 /* inftrees.c */; };
		DAE985381B44720300E02557 /* infutil.c in Sources */ = {isa = PBXBuildFile; fileRef = DAE9851D1B44720300E02557 /* infutil.c */; };
		DAE985391B44720300E02557 /* ioapi.c in Sources */ = {isa = PBXBuildFile; fileRef = DAE9851F1B44720300E02557 /* ioapi.c */; };
		DAE9853A1B44720300E02557 /* mztools.c in Sources */ = {isa = PBXBuildFile; fileRef = DAE985211B44720300E02557 /* mztools.c */; };
		DAE9853B1B44720300E02557 /* trees.c in Sources */ = {isa = PBXBuildFile; fileRef = DAE985231B44720300E02557 /* trees.c */; };
		DAE9853C1B44720300E02557 /* uncompr.c in Sources */ = {isa = PBXBuildFile; fileRef = DAE985251B44720300E02557 /* uncompr.c */; };
		DAE9853D1B44720300E02557 /* unzip.c in Sources */ = {isa = PBXBuildFile; fileRef = DAE985261B44720300E02557 /* unzip.c */; };
		DAE9853E1B44720300E02557 /* zip.c in Sources */ = {isa = PBXBuildFile; fileRef = DAE985291B44720300E02557 /* zip.c */; };
		DAE9853F1B44720300E02557 /* zutil.c in Sources */ = {isa = PBXBuildFile; fileRef = DAE9852C1B44720300E02557 /* zutil.c */; };
		DAEAE4911B29DB5E00842146 /* manipulator.cpp in Sources */ = {isa = PBXBuildFile; fileRef = DAEAE48F1B29DB5E00842146 /* manipulator.cpp */; };
		DAEC3A561B38AE530096C444 /* removeManipulator.cpp in Sources */ = {isa = PBXBuildFile; fileRef = DAEC3A541B38AE530096C444 /* removeManipulator.cpp */; };
		DAEC3A581B38AE5A0096C444 /* moc_removeManipulator.cpp in Sources */ = {isa = PBXBuildFile; fileRef = DAEC3A571B38AE5A0096C444 /* moc_removeManipulator.cpp */; };
		DAEC3A5D1B3AEFEB0096C444 /* polygonManipulator.cpp in Sources */ = {isa = PBXBuildFile; fileRef = DAEC3A591B3AEFEB0096C444 /* polygonManipulator.cpp */; };
		DAEC3A5E1B3AEFEB0096C444 /* removeSource.cpp in Sources */ = {isa = PBXBuildFile; fileRef = DAEC3A5B1B3AEFEB0096C444 /* removeSource.cpp */; };
		DAEC3A611B3AEFF30096C444 /* moc_polygonManipulator.cpp in Sources */ = {isa = PBXBuildFile; fileRef = DAEC3A5F1B3AEFF30096C444 /* moc_polygonManipulator.cpp */; };
		DAEC3A621B3AEFF30096C444 /* moc_removeSource.cpp in Sources */ = {isa = PBXBuildFile; fileRef = DAEC3A601B3AEFF30096C444 /* moc_removeSource.cpp */; };
		DAEC3A651B3B2A7D0096C444 /* detectCradleDialog.cpp in Sources */ = {isa = PBXBuildFile; fileRef = DAEC3A631B3B2A7D0096C444 /* detectCradleDialog.cpp */; };
		DAEC3A671B3B2E4B0096C444 /* moc_detectCradleDialog.cpp in Sources */ = {isa = PBXBuildFile; fileRef = DAEC3A661B3B2E4B0096C444 /* moc_detectCradleDialog.cpp */; };
		DAEC3A771B3B35500096C444 /* plugins in Resources */ = {isa = PBXBuildFile; fileRef = DAEC3A711B3B35500096C444 /* plugins */; };
		DAEC3A781B3B35500096C444 /* QtConcurrent.framework in Frameworks */ = {isa = PBXBuildFile; fileRef = DAEC3A721B3B35500096C444 /* QtConcurrent.framework */; };
		DAEC3A791B3B35500096C444 /* QtCore.framework in Frameworks */ = {isa = PBXBuildFile; fileRef = DAEC3A731B3B35500096C444 /* QtCore.framework */; };
		DAEC3A7A1B3B35500096C444 /* QtGui.framework in Frameworks */ = {isa = PBXBuildFile; fileRef = DAEC3A741B3B35500096C444 /* QtGui.framework */; };
		DAEC3A7B1B3B35500096C444 /* QtWidgets.framework in Frameworks */ = {isa = PBXBuildFile; fileRef = DAEC3A751B3B35500096C444 /* QtWidgets.framework */; };
		DAEC3A7C1B3B35500096C444 /* QtXml.framework in Frameworks */ = {isa = PBXBuildFile; fileRef = DAEC3A761B3B35500096C444 /* QtXml.framework */; };
		DAEC3A801B3B35E10096C444 /* QtConcurrent.framework in Copy Frameworks */ = {isa = PBXBuildFile; fileRef = DAEC3A721B3B35500096C444 /* QtConcurrent.framework */; settings = {ATTRIBUTES = (CodeSignOnCopy, RemoveHeadersOnCopy, ); }; };
		DAEC3A811B3B35E10096C444 /* QtCore.framework in Copy Frameworks */ = {isa = PBXBuildFile; fileRef = DAEC3A731B3B35500096C444 /* QtCore.framework */; settings = {ATTRIBUTES = (CodeSignOnCopy, RemoveHeadersOnCopy, ); }; };
		DAEC3A821B3B35E10096C444 /* QtGui.framework in Copy Frameworks */ = {isa = PBXBuildFile; fileRef = DAEC3A741B3B35500096C444 /* QtGui.framework */; settings = {ATTRIBUTES = (CodeSignOnCopy, RemoveHeadersOnCopy, ); }; };
		DAEC3A831B3B35E10096C444 /* QtWidgets.framework in Copy Frameworks */ = {isa = PBXBuildFile; fileRef = DAEC3A751B3B35500096C444 /* QtWidgets.framework */; settings = {ATTRIBUTES = (CodeSignOnCopy, RemoveHeadersOnCopy, ); }; };
		DAEC3A841B3B35E10096C444 /* QtXml.framework in Copy Frameworks */ = {isa = PBXBuildFile; fileRef = DAEC3A761B3B35500096C444 /* QtXml.framework */; settings = {ATTRIBUTES = (CodeSignOnCopy, RemoveHeadersOnCopy, ); }; };
/* End PBXBuildFile section */

/* Begin PBXCopyFilesBuildPhase section */
		DAEC3A7F1B3B35D50096C444 /* Copy Frameworks */ = {
			isa = PBXCopyFilesBuildPhase;
			buildActionMask = 2147483647;
			dstPath = "";
			dstSubfolderSpec = 10;
			files = (
				DA2800061B668B56009FF90F /* libcradle.dylib in Copy Frameworks */,
				DA2B0E821B3B96890054DA88 /* libopencv_core.2.4.9.dylib in Copy Frameworks */,
				DA2B0E831B3B96890054DA88 /* libopencv_highgui.2.4.9.dylib in Copy Frameworks */,
				DA2B0E841B3B96890054DA88 /* libopencv_imgproc.2.4.9.dylib in Copy Frameworks */,
				DAEC3A801B3B35E10096C444 /* QtConcurrent.framework in Copy Frameworks */,
				DAEC3A811B3B35E10096C444 /* QtCore.framework in Copy Frameworks */,
				DAEC3A821B3B35E10096C444 /* QtGui.framework in Copy Frameworks */,
				DAEC3A831B3B35E10096C444 /* QtWidgets.framework in Copy Frameworks */,
				DA2B0E811B3B39A70054DA88 /* QtPrintSupport.framework in Copy Frameworks */,
				DAEC3A841B3B35E10096C444 /* QtXml.framework in Copy Frameworks */,
			);
			name = "Copy Frameworks";
			runOnlyForDeploymentPostprocessing = 0;
		};
/* End PBXCopyFilesBuildPhase section */

/* Begin PBXFileReference section */
		DA1370DD1BE3BDC800506CB2 /* FDCT.cpp */ = {isa = PBXFileReference; fileEncoding = 4; lastKnownFileType = sourcecode.cpp.cpp; name = FDCT.cpp; path = ../src/cradle/FDCT.cpp; sourceTree = SOURCE_ROOT; };
		DA1370DE1BE3BDC800506CB2 /* FDCT.h */ = {isa = PBXFileReference; fileEncoding = 4; lastKnownFileType = sourcecode.c.h; name = FDCT.h; path = ../src/cradle/FDCT.h; sourceTree = SOURCE_ROOT; };
		DA28FFF91B668B1B009FF90F /* libcradle.dylib */ = {isa = PBXFileReference; explicitFileType = "compiled.mach-o.dylib"; includeInIndex = 0; path = libcradle.dylib; sourceTree = BUILT_PRODUCTS_DIR; };
		DA2B0E7E1B3B39600054DA88 /* QtPrintSupport.framework */ = {isa = PBXFileReference; lastKnownFileType = wrapper.framework; name = QtPrintSupport.framework; path = Qt/QtPrintSupport.framework; sourceTree = "<group>"; };
		DA7C0D321B31C34D008CF620 /* clipboard.cpp */ = {isa = PBXFileReference; fileEncoding = 4; lastKnownFileType = sourcecode.cpp.cpp; name = clipboard.cpp; path = ../src/clipboard.cpp; sourceTree = "<group>"; };
		DA7C0D331B31C34D008CF620 /* clipboard.h */ = {isa = PBXFileReference; fileEncoding = 4; lastKnownFileType = sourcecode.c.h; name = clipboard.h; path = ../src/clipboard.h; sourceTree = "<group>"; };
		DA7C0D341B31C34D008CF620 /* editManipulator.cpp */ = {isa = PBXFileReference; fileEncoding = 4; lastKnownFileType = sourcecode.cpp.cpp; name = editManipulator.cpp; path = ../src/editManipulator.cpp; sourceTree = "<group>"; };
		DA7C0D351B31C34D008CF620 /* editManipulator.h */ = {isa = PBXFileReference; fileEncoding = 4; lastKnownFileType = sourcecode.c.h; name = editManipulator.h; path = ../src/editManipulator.h; sourceTree = "<group>"; };
		DA7C0D3A1B31C34D008CF620 /* maskManipulator.cpp */ = {isa = PBXFileReference; fileEncoding = 4; lastKnownFileType = sourcecode.cpp.cpp; name = maskManipulator.cpp; path = ../src/maskManipulator.cpp; sourceTree = "<group>"; };
		DA7C0D3B1B31C34D008CF620 /* maskManipulator.h */ = {isa = PBXFileReference; fileEncoding = 4; lastKnownFileType = sourcecode.c.h; name = maskManipulator.h; path = ../src/maskManipulator.h; sourceTree = "<group>"; };
		DA7C0D3C1B31C34D008CF620 /* maskShape.cpp */ = {isa = PBXFileReference; fileEncoding = 4; lastKnownFileType = sourcecode.cpp.cpp; name = maskShape.cpp; path = ../src/maskShape.cpp; sourceTree = "<group>"; };
		DA7C0D3D1B31C34D008CF620 /* maskShape.h */ = {isa = PBXFileReference; fileEncoding = 4; lastKnownFileType = sourcecode.c.h; name = maskShape.h; path = ../src/maskShape.h; sourceTree = "<group>"; };
		DA7C0D3E1B31C34D008CF620 /* polygonCommands.cpp */ = {isa = PBXFileReference; fileEncoding = 4; lastKnownFileType = sourcecode.cpp.cpp; name = polygonCommands.cpp; path = ../src/polygonCommands.cpp; sourceTree = "<group>"; };
		DA7C0D3F1B31C34D008CF620 /* polygonCommands.h */ = {isa = PBXFileReference; fileEncoding = 4; lastKnownFileType = sourcecode.c.h; name = polygonCommands.h; path = ../src/polygonCommands.h; sourceTree = "<group>"; };
		DA7C0D471B31C35C008CF620 /* moc_clipboard.cpp */ = {isa = PBXFileReference; fileEncoding = 4; lastKnownFileType = sourcecode.cpp.cpp; path = moc_clipboard.cpp; sourceTree = "<group>"; };
		DA7C0D481B31C35C008CF620 /* moc_editManipulator.cpp */ = {isa = PBXFileReference; fileEncoding = 4; lastKnownFileType = sourcecode.cpp.cpp; path = moc_editManipulator.cpp; sourceTree = "<group>"; };
		DA7C0D4A1B31C35C008CF620 /* moc_maskManipulator.cpp */ = {isa = PBXFileReference; fileEncoding = 4; lastKnownFileType = sourcecode.cpp.cpp; path = moc_maskManipulator.cpp; sourceTree = "<group>"; };
		DA7C0D4B1B31C35C008CF620 /* moc_maskShape.cpp */ = {isa = PBXFileReference; fileEncoding = 4; lastKnownFileType = sourcecode.cpp.cpp; path = moc_maskShape.cpp; sourceTree = "<group>"; };
		DA7C0D511B31C7B0008CF620 /* cvImage.h */ = {isa = PBXFileReference; fileEncoding = 4; lastKnownFileType = sourcecode.c.h; name = cvImage.h; path = ../src/cvImage.h; sourceTree = "<group>"; };
		DA95593D1B4316FC005F61FE /* slider.cpp */ = {isa = PBXFileReference; fileEncoding = 4; lastKnownFileType = sourcecode.cpp.cpp; name = slider.cpp; path = ../src/slider.cpp; sourceTree = "<group>"; };
		DA95593E1B4316FC005F61FE /* slider.h */ = {isa = PBXFileReference; fileEncoding = 4; lastKnownFileType = sourcecode.c.h; name = slider.h; path = ../src/slider.h; sourceTree = "<group>"; };
		DA9559401B43202D005F61FE /* moc_slider.cpp */ = {isa = PBXFileReference; fileEncoding = 4; lastKnownFileType = sourcecode.cpp.cpp; path = moc_slider.cpp; sourceTree = "<group>"; };
		DA95CD741AE6B05D00F48AD3 /* Platypus.app */ = {isa = PBXFileReference; explicitFileType = wrapper.application; includeInIndex = 0; path = Platypus.app; sourceTree = BUILT_PRODUCTS_DIR; };
		DA95CD781AE6B05D00F48AD3 /* Info.plist */ = {isa = PBXFileReference; lastKnownFileType = text.plist.xml; path = Info.plist; sourceTree = "<group>"; };
		DA988A2F1C04C9FC00210F02 /* FFST.cpp */ = {isa = PBXFileReference; fileEncoding = 4; lastKnownFileType = sourcecode.cpp.cpp; name = FFST.cpp; path = ../../src/cradle/FFST.cpp; sourceTree = "<group>"; };
		DA988A301C04C9FC00210F02 /* FFST.h */ = {isa = PBXFileReference; fileEncoding = 4; lastKnownFileType = sourcecode.c.h; name = FFST.h; path = ../../src/cradle/FFST.h; sourceTree = "<group>"; };
		DAAB77971B287A48008CA366 /* compat.h */ = {isa = PBXFileReference; fileEncoding = 4; lastKnownFileType = sourcecode.c.h; name = compat.h; path = ../src/cradle/compat.h; sourceTree = SOURCE_ROOT; };
		DAAB77991B287A48008CA366 /* CradleFunctions.cpp */ = {isa = PBXFileReference; fileEncoding = 4; lastKnownFileType = sourcecode.cpp.cpp; name = CradleFunctions.cpp; path = ../src/cradle/CradleFunctions.cpp; sourceTree = SOURCE_ROOT; };
		DAAB779A1B287A48008CA366 /* CradleFunctions.h */ = {isa = PBXFileReference; fileEncoding = 4; lastKnownFileType = sourcecode.c.h; name = CradleFunctions.h; path = ../src/cradle/CradleFunctions.h; sourceTree = SOURCE_ROOT; };
		DAAB779B1B287A48008CA366 /* DWT.cpp */ = {isa = PBXFileReference; fileEncoding = 4; lastKnownFileType = sourcecode.cpp.cpp; name = DWT.cpp; path = ../src/cradle/DWT.cpp; sourceTree = SOURCE_ROOT; };
		DAAB779C1B287A48008CA366 /* DWT.h */ = {isa = PBXFileReference; fileEncoding = 4; lastKnownFileType = sourcecode.c.h; name = DWT.h; path = ../src/cradle/DWT.h; sourceTree = SOURCE_ROOT; };
		DAAB779D1B287A48008CA366 /* HaarDWT.cpp */ = {isa = PBXFileReference; fileEncoding = 4; lastKnownFileType = sourcecode.cpp.cpp; name = HaarDWT.cpp; path = ../src/cradle/HaarDWT.cpp; sourceTree = SOURCE_ROOT; };
		DAAB779E1B287A48008CA366 /* HaarDWT.h */ = {isa = PBXFileReference; fileEncoding = 4; lastKnownFileType = sourcecode.c.h; name = HaarDWT.h; path = ../src/cradle/HaarDWT.h; sourceTree = SOURCE_ROOT; };
		DAAB77A01B287A48008CA366 /* MCA.cpp */ = {isa = PBXFileReference; fileEncoding = 4; lastKnownFileType = sourcecode.cpp.cpp; name = MCA.cpp; path = ../src/cradle/MCA.cpp; sourceTree = SOURCE_ROOT; };
		DAAB77A11B287A48008CA366 /* MCA.h */ = {isa = PBXFileReference; fileEncoding = 4; lastKnownFileType = sourcecode.c.h; name = MCA.h; path = ../src/cradle/MCA.h; sourceTree = SOURCE_ROOT; };
		DAAB77A21B287A48008CA366 /* Shearlet.cpp */ = {isa = PBXFileReference; fileEncoding = 4; lastKnownFileType = sourcecode.cpp.cpp; name = Shearlet.cpp; path = ../src/cradle/Shearlet.cpp; sourceTree = SOURCE_ROOT; };
		DAAB77A31B287A48008CA366 /* Shearlet.h */ = {isa = PBXFileReference; fileEncoding = 4; lastKnownFileType = sourcecode.c.h; name = Shearlet.h; path = ../src/cradle/Shearlet.h; sourceTree = SOURCE_ROOT; };
		DAAB77A41B287A48008CA366 /* TextureRemoval.cpp */ = {isa = PBXFileReference; fileEncoding = 4; lastKnownFileType = sourcecode.cpp.cpp; name = TextureRemoval.cpp; path = ../src/cradle/TextureRemoval.cpp; sourceTree = SOURCE_ROOT; };
		DAAB77A51B287A48008CA366 /* TextureRemoval.h */ = {isa = PBXFileReference; fileEncoding = 4; lastKnownFileType = sourcecode.c.h; name = TextureRemoval.h; path = ../src/cradle/TextureRemoval.h; sourceTree = SOURCE_ROOT; };
		DAAB77A61B287A48008CA366 /* imageManager.cpp */ = {isa = PBXFileReference; fileEncoding = 4; lastKnownFileType = sourcecode.cpp.cpp; name = imageManager.cpp; path = ../src/imageManager.cpp; sourceTree = "<group>"; };
		DAAB77A71B287A48008CA366 /* imageManager.h */ = {isa = PBXFileReference; fileEncoding = 4; lastKnownFileType = sourcecode.c.h; name = imageManager.h; path = ../src/imageManager.h; sourceTree = "<group>"; };
		DAAB77A81B287A48008CA366 /* imageSource.cpp */ = {isa = PBXFileReference; fileEncoding = 4; lastKnownFileType = sourcecode.cpp.cpp; name = imageSource.cpp; path = ../src/imageSource.cpp; sourceTree = "<group>"; };
		DAAB77A91B287A48008CA366 /* imageSource.h */ = {isa = PBXFileReference; fileEncoding = 4; lastKnownFileType = sourcecode.c.h; name = imageSource.h; path = ../src/imageSource.h; sourceTree = "<group>"; };
		DAAB77AA1B287A48008CA366 /* imageViewer.cpp */ = {isa = PBXFileReference; fileEncoding = 4; lastKnownFileType = sourcecode.cpp.cpp; name = imageViewer.cpp; path = ../src/imageViewer.cpp; sourceTree = "<group>"; };
		DAAB77AB1B287A48008CA366 /* imageViewer.h */ = {isa = PBXFileReference; fileEncoding = 4; lastKnownFileType = sourcecode.c.h; name = imageViewer.h; path = ../src/imageViewer.h; sourceTree = "<group>"; };
		DAAB77AC1B287A48008CA366 /* main.cpp */ = {isa = PBXFileReference; fileEncoding = 4; lastKnownFileType = sourcecode.cpp.cpp; name = main.cpp; path = ../src/main.cpp; sourceTree = "<group>"; };
		DAAB77AD1B287A48008CA366 /* mainWindow.cpp */ = {isa = PBXFileReference; fileEncoding = 4; lastKnownFileType = sourcecode.cpp.cpp; name = mainWindow.cpp; path = ../src/mainWindow.cpp; sourceTree = "<group>"; };
		DAAB77AE1B287A48008CA366 /* mainWindow.h */ = {isa = PBXFileReference; fileEncoding = 4; lastKnownFileType = sourcecode.c.h; name = mainWindow.h; path = ../src/mainWindow.h; sourceTree = "<group>"; };
		DAAB77AF1B287A48008CA366 /* platypus.qrc */ = {isa = PBXFileReference; fileEncoding = 4; lastKnownFileType = text; name = platypus.qrc; path = ../src/platypus.qrc; sourceTree = SOURCE_ROOT; };
		DAAB77B01B287A48008CA366 /* polygon.cpp */ = {isa = PBXFileReference; fileEncoding = 4; lastKnownFileType = sourcecode.cpp.cpp; name = polygon.cpp; path = ../src/polygon.cpp; sourceTree = "<group>"; };
		DAAB77B11B287A48008CA366 /* polygon.h */ = {isa = PBXFileReference; fileEncoding = 4; lastKnownFileType = sourcecode.c.h; name = polygon.h; path = ../src/polygon.h; sourceTree = "<group>"; };
		DAAB77B21B287A48008CA366 /* project.cpp */ = {isa = PBXFileReference; fileEncoding = 4; lastKnownFileType = sourcecode.cpp.cpp; name = project.cpp; path = ../src/project.cpp; sourceTree = "<group>"; };
		DAAB77B31B287A48008CA366 /* project.h */ = {isa = PBXFileReference; fileEncoding = 4; lastKnownFileType = sourcecode.c.h; name = project.h; path = ../src/project.h; sourceTree = "<group>"; };
		DAAB77B41B287A48008CA366 /* undoManager.cpp */ = {isa = PBXFileReference; fileEncoding = 4; lastKnownFileType = sourcecode.cpp.cpp; name = undoManager.cpp; path = ../src/undoManager.cpp; sourceTree = "<group>"; };
		DAAB77B51B287A48008CA366 /* undoManager.h */ = {isa = PBXFileReference; fileEncoding = 4; lastKnownFileType = sourcecode.c.h; name = undoManager.h; path = ../src/undoManager.h; sourceTree = "<group>"; };
		DAAB77B61B287A48008CA366 /* viewer.cpp */ = {isa = PBXFileReference; fileEncoding = 4; lastKnownFileType = sourcecode.cpp.cpp; name = viewer.cpp; path = ../src/viewer.cpp; sourceTree = "<group>"; };
		DAAB77B71B287A48008CA366 /* viewer.h */ = {isa = PBXFileReference; fileEncoding = 4; lastKnownFileType = sourcecode.c.h; name = viewer.h; path = ../src/viewer.h; sourceTree = "<group>"; };
		DAAB77B81B287A48008CA366 /* viewerScroller.cpp */ = {isa = PBXFileReference; fileEncoding = 4; lastKnownFileType = sourcecode.cpp.cpp; name = viewerScroller.cpp; path = ../src/viewerScroller.cpp; sourceTree = "<group>"; };
		DAAB77B91B287A48008CA366 /* viewerScroller.h */ = {isa = PBXFileReference; fileEncoding = 4; lastKnownFileType = sourcecode.c.h; name = viewerScroller.h; path = ../src/viewerScroller.h; sourceTree = "<group>"; };
		DAAB77D01B287BD6008CA366 /* moc_imageManager.cpp */ = {isa = PBXFileReference; fileEncoding = 4; lastKnownFileType = sourcecode.cpp.cpp; path = moc_imageManager.cpp; sourceTree = "<group>"; };
		DAAB77D11B287BD6008CA366 /* moc_imageSource.cpp */ = {isa = PBXFileReference; fileEncoding = 4; lastKnownFileType = sourcecode.cpp.cpp; path = moc_imageSource.cpp; sourceTree = "<group>"; };
		DAAB77D21B287BD6008CA366 /* moc_imageViewer.cpp */ = {isa = PBXFileReference; fileEncoding = 4; lastKnownFileType = sourcecode.cpp.cpp; path = moc_imageViewer.cpp; sourceTree = "<group>"; };
		DAAB77D31B287BD6008CA366 /* moc_mainWindow.cpp */ = {isa = PBXFileReference; fileEncoding = 4; lastKnownFileType = sourcecode.cpp.cpp; path = moc_mainWindow.cpp; sourceTree = "<group>"; };
		DAAB77D41B287BD6008CA366 /* moc_polygon.cpp */ = {isa = PBXFileReference; fileEncoding = 4; lastKnownFileType = sourcecode.cpp.cpp; path = moc_polygon.cpp; sourceTree = "<group>"; };
		DAAB77D51B287BD6008CA366 /* moc_project.cpp */ = {isa = PBXFileReference; fileEncoding = 4; lastKnownFileType = sourcecode.cpp.cpp; path = moc_project.cpp; sourceTree = "<group>"; };
		DAAB77D61B287BD6008CA366 /* moc_undoManager.cpp */ = {isa = PBXFileReference; fileEncoding = 4; lastKnownFileType = sourcecode.cpp.cpp; path = moc_undoManager.cpp; sourceTree = "<group>"; };
		DAAB77D71B287BD6008CA366 /* moc_viewer.cpp */ = {isa = PBXFileReference; fileEncoding = 4; lastKnownFileType = sourcecode.cpp.cpp; path = moc_viewer.cpp; sourceTree = "<group>"; };
		DAAB77D81B287BD6008CA366 /* moc_viewerScroller.cpp */ = {isa = PBXFileReference; fileEncoding = 4; lastKnownFileType = sourcecode.cpp.cpp; path = moc_viewerScroller.cpp; sourceTree = "<group>"; };
		DAAB77D91B287BD6008CA366 /* resources.cpp */ = {isa = PBXFileReference; fileEncoding = 4; lastKnownFileType = sourcecode.cpp.cpp; name = resources.cpp; path = tmp/resources.cpp; sourceTree = "<group>"; };
		DAAB77F51B2895F7008CA366 /* libopencv_core.2.4.9.dylib */ = {isa = PBXFileReference; lastKnownFileType = "compiled.mach-o.dylib"; name = libopencv_core.2.4.9.dylib; path = ../OpenCV/lib/libopencv_core.2.4.9.dylib; sourceTree = "<group>"; };
		DAAB77F61B2895F7008CA366 /* libopencv_highgui.2.4.9.dylib */ = {isa = PBXFileReference; lastKnownFileType = "compiled.mach-o.dylib"; name = libopencv_highgui.2.4.9.dylib; path = ../OpenCV/lib/libopencv_highgui.2.4.9.dylib; sourceTree = "<group>"; };
		DAAB77F71B2895F7008CA366 /* libopencv_imgproc.2.4.9.dylib */ = {isa = PBXFileReference; lastKnownFileType = "compiled.mach-o.dylib"; name = libopencv_imgproc.2.4.9.dylib; path = ../OpenCV/lib/libopencv_imgproc.2.4.9.dylib; sourceTree = "<group>"; };
		DAB6D9D81B038A0200C1C4FF /* Cocoa.framework */ = {isa = PBXFileReference; lastKnownFileType = wrapper.framework; name = Cocoa.framework; path = ../../../../../../../../System/Library/Frameworks/Cocoa.framework; sourceTree = "<group>"; };
		DAB6D9DA1B038A0200C1C4FF /* Carbon.framework */ = {isa = PBXFileReference; lastKnownFileType = wrapper.framework; name = Carbon.framework; path = ../../../../../../../../System/Library/Frameworks/Carbon.framework; sourceTree = "<group>"; };
		DAB6D9DF1B038A1D00C1C4FF /* OpenGL.framework */ = {isa = PBXFileReference; lastKnownFileType = wrapper.framework; name = OpenGL.framework; path = Platforms/MacOSX.platform/Developer/SDKs/MacOSX10.9.sdk/System/Library/Frameworks/OpenGL.framework; sourceTree = DEVELOPER_DIR; };
		DAB6D9E31B038BBA00C1C4FF /* IOKit.framework */ = {isa = PBXFileReference; lastKnownFileType = wrapper.framework; name = IOKit.framework; path = ../../../../../../../../System/Library/Frameworks/IOKit.framework; sourceTree = "<group>"; };
		DAD2958B1B58483600848DB8 /* AppIcon.icns */ = {isa = PBXFileReference; lastKnownFileType = image.icns; path = AppIcon.icns; sourceTree = SOURCE_ROOT; };
		DAD928081B4C3D3200B44109 /* textureManipulator.cpp */ = {isa = PBXFileReference; fileEncoding = 4; lastKnownFileType = sourcecode.cpp.cpp; name = textureManipulator.cpp; path = ../src/textureManipulator.cpp; sourceTree = "<group>"; };
		DAD928091B4C3D3200B44109 /* textureManipulator.h */ = {isa = PBXFileReference; fileEncoding = 4; lastKnownFileType = sourcecode.c.h; name = textureManipulator.h; path = ../src/textureManipulator.h; sourceTree = "<group>"; };
		DAD9280B1B4C3DEA00B44109 /* moc_textureManipulator.cpp */ = {isa = PBXFileReference; fileEncoding = 4; lastKnownFileType = sourcecode.cpp.cpp; path = moc_textureManipulator.cpp; sourceTree = "<group>"; };
		DAE81B891B2A1F8A00E91B1D /* drawManipulator.cpp */ = {isa = PBXFileReference; fileEncoding = 4; lastKnownFileType = sourcecode.cpp.cpp; name = drawManipulator.cpp; path = ../src/drawManipulator.cpp; sourceTree = "<group>"; };
		DAE81B8A1B2A1F8A00E91B1D /* drawManipulator.h */ = {isa = PBXFileReference; fileEncoding = 4; lastKnownFileType = sourcecode.c.h; name = drawManipulator.h; path = ../src/drawManipulator.h; sourceTree = "<group>"; };
		DAE81B8C1B2A233A00E91B1D /* moc_drawManipulator.cpp */ = {isa = PBXFileReference; fileEncoding = 4; lastKnownFileType = sourcecode.cpp.cpp; path = moc_drawManipulator.cpp; sourceTree = "<group>"; };
		DAE81B8D1B2A233A00E91B1D /* moc_manipulator.cpp */ = {isa = PBXFileReference; fileEncoding = 4; lastKnownFileType = sourcecode.cpp.cpp; path = moc_manipulator.cpp; sourceTree = "<group>"; };
		DAE9842C1B445FE900E02557 /* driver.cpp */ = {isa = PBXFileReference; fileEncoding = 4; lastKnownFileType = sourcecode.cpp.cpp; name = driver.cpp; path = ../photoshop/driver.cpp; sourceTree = "<group>"; };
		DAE9842D1B445FE900E02557 /* messageBox.m */ = {isa = PBXFileReference; fileEncoding = 4; lastKnownFileType = sourcecode.c.objc; name = messageBox.m; path = ../photoshop/messageBox.m; sourceTree = "<group>"; };
		DAE9842E1B445FE900E02557 /* platypus.r */ = {isa = PBXFileReference; fileEncoding = 4; lastKnownFileType = sourcecode.rez; name = platypus.r; path = ../photoshop/platypus.r; sourceTree = SOURCE_ROOT; };
		DAE9842F1B445FE900E02557 /* tiff.cpp */ = {isa = PBXFileReference; fileEncoding = 4; lastKnownFileType = sourcecode.cpp.cpp; name = tiff.cpp; path = ../photoshop/tiff.cpp; sourceTree = "<group>"; };
		DAE984301B445FE900E02557 /* tiff.h */ = {isa = PBXFileReference; fileEncoding = 4; lastKnownFileType = sourcecode.c.h; name = tiff.h; path = ../photoshop/tiff.h; sourceTree = "<group>"; };
		DAE984391B4462AE00E02557 /* t4.h */ = {isa = PBXFileReference; fileEncoding = 4; lastKnownFileType = sourcecode.c.h; name = t4.h; path = ../libtiff/t4.h; sourceTree = "<group>"; };
		DAE9843B1B4462AE00E02557 /* tif_aux.c */ = {isa = PBXFileReference; fileEncoding = 4; lastKnownFileType = sourcecode.c.c; name = tif_aux.c; path = ../libtiff/tif_aux.c; sourceTree = "<group>"; };
		DAE9843C1B4462AE00E02557 /* tif_close.c */ = {isa = PBXFileReference; fileEncoding = 4; lastKnownFileType = sourcecode.c.c; name = tif_close.c; path = ../libtiff/tif_close.c; sourceTree = "<group>"; };
		DAE9843D1B4462AE00E02557 /* tif_codec.c */ = {isa = PBXFileReference; fileEncoding = 4; lastKnownFileType = sourcecode.c.c; name = tif_codec.c; path = ../libtiff/tif_codec.c; sourceTree = "<group>"; };
		DAE9843E1B4462AE00E02557 /* tif_color.c */ = {isa = PBXFileReference; fileEncoding = 4; lastKnownFileType = sourcecode.c.c; name = tif_color.c; path = ../libtiff/tif_color.c; sourceTree = "<group>"; };
		DAE9843F1B4462AE00E02557 /* tif_compress.c */ = {isa = PBXFileReference; fileEncoding = 4; lastKnownFileType = sourcecode.c.c; name = tif_compress.c; path = ../libtiff/tif_compress.c; sourceTree = "<group>"; };
		DAE984401B4462AE00E02557 /* tif_config.h */ = {isa = PBXFileReference; fileEncoding = 4; lastKnownFileType = sourcecode.c.h; name = tif_config.h; path = ../libtiff/tif_config.h; sourceTree = "<group>"; };
		DAE984431B4462AE00E02557 /* tif_dir.c */ = {isa = PBXFileReference; fileEncoding = 4; lastKnownFileType = sourcecode.c.c; name = tif_dir.c; path = ../libtiff/tif_dir.c; sourceTree = "<group>"; };
		DAE984441B4462AE00E02557 /* tif_dir.h */ = {isa = PBXFileReference; fileEncoding = 4; lastKnownFileType = sourcecode.c.h; name = tif_dir.h; path = ../libtiff/tif_dir.h; sourceTree = "<group>"; };
		DAE984451B4462AE00E02557 /* tif_dirinfo.c */ = {isa = PBXFileReference; fileEncoding = 4; lastKnownFileType = sourcecode.c.c; name = tif_dirinfo.c; path = ../libtiff/tif_dirinfo.c; sourceTree = "<group>"; };
		DAE984461B4462AE00E02557 /* tif_dirread.c */ = {isa = PBXFileReference; fileEncoding = 4; lastKnownFileType = sourcecode.c.c; name = tif_dirread.c; path = ../libtiff/tif_dirread.c; sourceTree = "<group>"; };
		DAE984471B4462AE00E02557 /* tif_dirwrite.c */ = {isa = PBXFileReference; fileEncoding = 4; lastKnownFileType = sourcecode.c.c; name = tif_dirwrite.c; path = ../libtiff/tif_dirwrite.c; sourceTree = "<group>"; };
		DAE984481B4462AE00E02557 /* tif_dumpmode.c */ = {isa = PBXFileReference; fileEncoding = 4; lastKnownFileType = sourcecode.c.c; name = tif_dumpmode.c; path = ../libtiff/tif_dumpmode.c; sourceTree = "<group>"; };
		DAE984491B4462AE00E02557 /* tif_error.c */ = {isa = PBXFileReference; fileEncoding = 4; lastKnownFileType = sourcecode.c.c; name = tif_error.c; path = ../libtiff/tif_error.c; sourceTree = "<group>"; };
		DAE9844A1B4462AE00E02557 /* tif_extension.c */ = {isa = PBXFileReference; fileEncoding = 4; lastKnownFileType = sourcecode.c.c; name = tif_extension.c; path = ../libtiff/tif_extension.c; sourceTree = "<group>"; };
		DAE9844B1B4462AE00E02557 /* tif_fax3.c */ = {isa = PBXFileReference; fileEncoding = 4; lastKnownFileType = sourcecode.c.c; name = tif_fax3.c; path = ../libtiff/tif_fax3.c; sourceTree = "<group>"; };
		DAE9844C1B4462AE00E02557 /* tif_fax3.h */ = {isa = PBXFileReference; fileEncoding = 4; lastKnownFileType = sourcecode.c.h; name = tif_fax3.h; path = ../libtiff/tif_fax3.h; sourceTree = "<group>"; };
		DAE9844D1B4462AE00E02557 /* tif_fax3sm.c */ = {isa = PBXFileReference; fileEncoding = 4; lastKnownFileType = sourcecode.c.c; name = tif_fax3sm.c; path = ../libtiff/tif_fax3sm.c; sourceTree = "<group>"; };
		DAE9844E1B4462AE00E02557 /* tif_flush.c */ = {isa = PBXFileReference; fileEncoding = 4; lastKnownFileType = sourcecode.c.c; name = tif_flush.c; path = ../libtiff/tif_flush.c; sourceTree = "<group>"; };
		DAE9844F1B4462AE00E02557 /* tif_getimage.c */ = {isa = PBXFileReference; fileEncoding = 4; lastKnownFileType = sourcecode.c.c; name = tif_getimage.c; path = ../libtiff/tif_getimage.c; sourceTree = "<group>"; };
		DAE984511B4462AE00E02557 /* tif_luv.c */ = {isa = PBXFileReference; fileEncoding = 4; lastKnownFileType = sourcecode.c.c; name = tif_luv.c; path = ../libtiff/tif_luv.c; sourceTree = "<group>"; };
		DAE984521B4462AE00E02557 /* tif_lzw.c */ = {isa = PBXFileReference; fileEncoding = 4; lastKnownFileType = sourcecode.c.c; name = tif_lzw.c; path = ../libtiff/tif_lzw.c; sourceTree = "<group>"; };
		DAE984551B4462AE00E02557 /* tif_ojpeg.c */ = {isa = PBXFileReference; fileEncoding = 4; lastKnownFileType = sourcecode.c.c; name = tif_ojpeg.c; path = ../libtiff/tif_ojpeg.c; sourceTree = "<group>"; };
		DAE984561B4462AE00E02557 /* tif_open.c */ = {isa = PBXFileReference; fileEncoding = 4; lastKnownFileType = sourcecode.c.c; name = tif_open.c; path = ../libtiff/tif_open.c; sourceTree = "<group>"; };
		DAE984571B4462AE00E02557 /* tif_packbits.c */ = {isa = PBXFileReference; fileEncoding = 4; lastKnownFileType = sourcecode.c.c; name = tif_packbits.c; path = ../libtiff/tif_packbits.c; sourceTree = "<group>"; };
		DAE984581B4462AE00E02557 /* tif_pixarlog.c */ = {isa = PBXFileReference; fileEncoding = 4; lastKnownFileType = sourcecode.c.c; name = tif_pixarlog.c; path = ../libtiff/tif_pixarlog.c; sourceTree = "<group>"; };
		DAE984591B4462AE00E02557 /* tif_predict.c */ = {isa = PBXFileReference; fileEncoding = 4; lastKnownFileType = sourcecode.c.c; name = tif_predict.c; path = ../libtiff/tif_predict.c; sourceTree = "<group>"; };
		DAE9845A1B4462AE00E02557 /* tif_predict.h */ = {isa = PBXFileReference; fileEncoding = 4; lastKnownFileType = sourcecode.c.h; name = tif_predict.h; path = ../libtiff/tif_predict.h; sourceTree = "<group>"; };
		DAE9845B1B4462AE00E02557 /* tif_print.c */ = {isa = PBXFileReference; fileEncoding = 4; lastKnownFileType = sourcecode.c.c; name = tif_print.c; path = ../libtiff/tif_print.c; sourceTree = "<group>"; };
		DAE9845C1B4462AE00E02557 /* tif_read.c */ = {isa = PBXFileReference; fileEncoding = 4; lastKnownFileType = sourcecode.c.c; name = tif_read.c; path = ../libtiff/tif_read.c; sourceTree = "<group>"; };
		DAE9845D1B4462AE00E02557 /* tif_stream.cxx */ = {isa = PBXFileReference; fileEncoding = 4; lastKnownFileType = sourcecode.cpp.cpp; name = tif_stream.cxx; path = ../libtiff/tif_stream.cxx; sourceTree = "<group>"; };
		DAE9845E1B4462AE00E02557 /* tif_strip.c */ = {isa = PBXFileReference; fileEncoding = 4; lastKnownFileType = sourcecode.c.c; name = tif_strip.c; path = ../libtiff/tif_strip.c; sourceTree = "<group>"; };
		DAE9845F1B4462AE00E02557 /* tif_swab.c */ = {isa = PBXFileReference; fileEncoding = 4; lastKnownFileType = sourcecode.c.c; name = tif_swab.c; path = ../libtiff/tif_swab.c; sourceTree = "<group>"; };
		DAE984601B4462AE00E02557 /* tif_thunder.c */ = {isa = PBXFileReference; fileEncoding = 4; lastKnownFileType = sourcecode.c.c; name = tif_thunder.c; path = ../libtiff/tif_thunder.c; sourceTree = "<group>"; };
		DAE984611B4462AE00E02557 /* tif_tile.c */ = {isa = PBXFileReference; fileEncoding = 4; lastKnownFileType = sourcecode.c.c; name = tif_tile.c; path = ../libtiff/tif_tile.c; sourceTree = "<group>"; };
		DAE984621B4462AE00E02557 /* tif_unix.c */ = {isa = PBXFileReference; fileEncoding = 4; lastKnownFileType = sourcecode.c.c; name = tif_unix.c; path = ../libtiff/tif_unix.c; sourceTree = "<group>"; };
		DAE984631B4462AE00E02557 /* tif_version.c */ = {isa = PBXFileReference; fileEncoding = 4; lastKnownFileType = sourcecode.c.c; name = tif_version.c; path = ../libtiff/tif_version.c; sourceTree = "<group>"; };
		DAE984641B4462AE00E02557 /* tif_warning.c */ = {isa = PBXFileReference; fileEncoding = 4; lastKnownFileType = sourcecode.c.c; name = tif_warning.c; path = ../libtiff/tif_warning.c; sourceTree = "<group>"; };
		DAE984661B4462AE00E02557 /* tif_write.c */ = {isa = PBXFileReference; fileEncoding = 4; lastKnownFileType = sourcecode.c.c; name = tif_write.c; path = ../libtiff/tif_write.c; sourceTree = "<group>"; };
		DAE984671B4462AE00E02557 /* tif_zip.c */ = {isa = PBXFileReference; fileEncoding = 4; lastKnownFileType = sourcecode.c.c; name = tif_zip.c; path = ../libtiff/tif_zip.c; sourceTree = "<group>"; };
		DAE984681B4462AE00E02557 /* tiff.h */ = {isa = PBXFileReference; fileEncoding = 4; lastKnownFileType = sourcecode.c.h; name = tiff.h; path = ../libtiff/tiff.h; sourceTree = "<group>"; };
		DAE984691B4462AE00E02557 /* tiffconf.h */ = {isa = PBXFileReference; fileEncoding = 4; lastKnownFileType = sourcecode.c.h; name = tiffconf.h; path = ../libtiff/tiffconf.h; sourceTree = "<group>"; };
		DAE9846C1B4462AE00E02557 /* tiffio.h */ = {isa = PBXFileReference; fileEncoding = 4; lastKnownFileType = sourcecode.c.h; name = tiffio.h; path = ../libtiff/tiffio.h; sourceTree = "<group>"; };
		DAE9846D1B4462AE00E02557 /* tiffio.hxx */ = {isa = PBXFileReference; fileEncoding = 4; lastKnownFileType = sourcecode.cpp.h; name = tiffio.hxx; path = ../libtiff/tiffio.hxx; sourceTree = "<group>"; };
		DAE9846E1B4462AE00E02557 /* tiffiop.h */ = {isa = PBXFileReference; fileEncoding = 4; lastKnownFileType = sourcecode.c.h; name = tiffiop.h; path = ../libtiff/tiffiop.h; sourceTree = "<group>"; };
		DAE9846F1B4462AE00E02557 /* tiffvers.h */ = {isa = PBXFileReference; fileEncoding = 4; lastKnownFileType = sourcecode.c.h; name = tiffvers.h; path = ../libtiff/tiffvers.h; sourceTree = "<group>"; };
		DAE984701B4462AE00E02557 /* uvcode.h */ = {isa = PBXFileReference; fileEncoding = 4; lastKnownFileType = sourcecode.c.h; name = uvcode.h; path = ../libtiff/uvcode.h; sourceTree = "<group>"; };
		DAE9850C1B44720300E02557 /* adler32.c */ = {isa = PBXFileReference; fileEncoding = 4; lastKnownFileType = sourcecode.c.c; name = adler32.c; path = ../zlib/adler32.c; sourceTree = "<group>"; };
		DAE9850D1B44720300E02557 /* compress.c */ = {isa = PBXFileReference; fileEncoding = 4; lastKnownFileType = sourcecode.c.c; name = compress.c; path = ../zlib/compress.c; sourceTree = "<group>"; };
		DAE9850E1B44720300E02557 /* crc32.c */ = {isa = PBXFileReference; fileEncoding = 4; lastKnownFileType = sourcecode.c.c; name = crc32.c; path = ../zlib/crc32.c; sourceTree = "<group>"; };
		DAE9850F1B44720300E02557 /* crypt.h */ = {isa = PBXFileReference; fileEncoding = 4; lastKnownFileType = sourcecode.c.h; name = crypt.h; path = ../zlib/crypt.h; sourceTree = "<group>"; };
		DAE985101B44720300E02557 /* deflate.c */ = {isa = PBXFileReference; fileEncoding = 4; lastKnownFileType = sourcecode.c.c; name = deflate.c; path = ../zlib/deflate.c; sourceTree = "<group>"; };
		DAE985111B44720300E02557 /* deflate.h */ = {isa = PBXFileReference; fileEncoding = 4; lastKnownFileType = sourcecode.c.h; name = deflate.h; path = ../zlib/deflate.h; sourceTree = "<group>"; };
		DAE985121B44720300E02557 /* gzio.c */ = {isa = PBXFileReference; fileEncoding = 4; lastKnownFileType = sourcecode.c.c; name = gzio.c; path = ../zlib/gzio.c; sourceTree = "<group>"; };
		DAE985131B44720300E02557 /* infblock.c */ = {isa = PBXFileReference; fileEncoding = 4; lastKnownFileType = sourcecode.c.c; name = infblock.c; path = ../zlib/infblock.c; sourceTree = "<group>"; };
		DAE985141B44720300E02557 /* infblock.h */ = {isa = PBXFileReference; fileEncoding = 4; lastKnownFileType = sourcecode.c.h; name = infblock.h; path = ../zlib/infblock.h; sourceTree = "<group>"; };
		DAE985151B44720300E02557 /* infcodes.c */ = {isa = PBXFileReference; fileEncoding = 4; lastKnownFileType = sourcecode.c.c; name = infcodes.c; path = ../zlib/infcodes.c; sourceTree = "<group>"; };
		DAE985161B44720300E02557 /* infcodes.h */ = {isa = PBXFileReference; fileEncoding = 4; lastKnownFileType = sourcecode.c.h; name = infcodes.h; path = ../zlib/infcodes.h; sourceTree = "<group>"; };
		DAE985171B44720300E02557 /* inffast.c */ = {isa = PBXFileReference; fileEncoding = 4; lastKnownFileType = sourcecode.c.c; name = inffast.c; path = ../zlib/inffast.c; sourceTree = "<group>"; };
		DAE985181B44720300E02557 /* inffast.h */ = {isa = PBXFileReference; fileEncoding = 4; lastKnownFileType = sourcecode.c.h; name = inffast.h; path = ../zlib/inffast.h; sourceTree = "<group>"; };
		DAE985191B44720300E02557 /* inffixed.h */ = {isa = PBXFileReference; fileEncoding = 4; lastKnownFileType = sourcecode.c.h; name = inffixed.h; path = ../zlib/inffixed.h; sourceTree = "<group>"; };
		DAE9851A1B44720300E02557 /* inflate.c */ = {isa = PBXFileReference; fileEncoding = 4; lastKnownFileType = sourcecode.c.c; name = inflate.c; path = ../zlib/inflate.c; sourceTree = "<group>"; };
		DAE9851B1B44720300E02557 /* inftrees.c */ = {isa = PBXFileReference; fileEncoding = 4; lastKnownFileType = sourcecode.c.c; name = inftrees.c; path = ../zlib/inftrees.c; sourceTree = "<group>"; };
		DAE9851C1B44720300E02557 /* inftrees.h */ = {isa = PBXFileReference; fileEncoding = 4; lastKnownFileType = sourcecode.c.h; name = inftrees.h; path = ../zlib/inftrees.h; sourceTree = "<group>"; };
		DAE9851D1B44720300E02557 /* infutil.c */ = {isa = PBXFileReference; fileEncoding = 4; lastKnownFileType = sourcecode.c.c; name = infutil.c; path = ../zlib/infutil.c; sourceTree = "<group>"; };
		DAE9851E1B44720300E02557 /* infutil.h */ = {isa = PBXFileReference; fileEncoding = 4; lastKnownFileType = sourcecode.c.h; name = infutil.h; path = ../zlib/infutil.h; sourceTree = "<group>"; };
		DAE9851F1B44720300E02557 /* ioapi.c */ = {isa = PBXFileReference; fileEncoding = 4; lastKnownFileType = sourcecode.c.c; name = ioapi.c; path = ../zlib/ioapi.c; sourceTree = "<group>"; };
		DAE985201B44720300E02557 /* ioapi.h */ = {isa = PBXFileReference; fileEncoding = 4; lastKnownFileType = sourcecode.c.h; name = ioapi.h; path = ../zlib/ioapi.h; sourceTree = "<group>"; };
		DAE985211B44720300E02557 /* mztools.c */ = {isa = PBXFileReference; fileEncoding = 4; lastKnownFileType = sourcecode.c.c; name = mztools.c; path = ../zlib/mztools.c; sourceTree = "<group>"; };
		DAE985221B44720300E02557 /* mztools.h */ = {isa = PBXFileReference; fileEncoding = 4; lastKnownFileType = sourcecode.c.h; name = mztools.h; path = ../zlib/mztools.h; sourceTree = "<group>"; };
		DAE985231B44720300E02557 /* trees.c */ = {isa = PBXFileReference; fileEncoding = 4; lastKnownFileType = sourcecode.c.c; name = trees.c; path = ../zlib/trees.c; sourceTree = "<group>"; };
		DAE985241B44720300E02557 /* trees.h */ = {isa = PBXFileReference; fileEncoding = 4; lastKnownFileType = sourcecode.c.h; name = trees.h; path = ../zlib/trees.h; sourceTree = "<group>"; };
		DAE985251B44720300E02557 /* uncompr.c */ = {isa = PBXFileReference; fileEncoding = 4; lastKnownFileType = sourcecode.c.c; name = uncompr.c; path = ../zlib/uncompr.c; sourceTree = "<group>"; };
		DAE985261B44720300E02557 /* unzip.c */ = {isa = PBXFileReference; fileEncoding = 4; lastKnownFileType = sourcecode.c.c; name = unzip.c; path = ../zlib/unzip.c; sourceTree = "<group>"; };
		DAE985271B44720300E02557 /* unzip.h */ = {isa = PBXFileReference; fileEncoding = 4; lastKnownFileType = sourcecode.c.h; name = unzip.h; path = ../zlib/unzip.h; sourceTree = "<group>"; };
		DAE985281B44720300E02557 /* zconf.h */ = {isa = PBXFileReference; fileEncoding = 4; lastKnownFileType = sourcecode.c.h; name = zconf.h; path = ../zlib/zconf.h; sourceTree = "<group>"; };
		DAE985291B44720300E02557 /* zip.c */ = {isa = PBXFileReference; fileEncoding = 4; lastKnownFileType = sourcecode.c.c; name = zip.c; path = ../zlib/zip.c; sourceTree = "<group>"; };
		DAE9852A1B44720300E02557 /* zip.h */ = {isa = PBXFileReference; fileEncoding = 4; lastKnownFileType = sourcecode.c.h; name = zip.h; path = ../zlib/zip.h; sourceTree = "<group>"; };
		DAE9852B1B44720300E02557 /* zlib.h */ = {isa = PBXFileReference; fileEncoding = 4; lastKnownFileType = sourcecode.c.h; name = zlib.h; path = ../zlib/zlib.h; sourceTree = "<group>"; };
		DAE9852C1B44720300E02557 /* zutil.c */ = {isa = PBXFileReference; fileEncoding = 4; lastKnownFileType = sourcecode.c.c; name = zutil.c; path = ../zlib/zutil.c; sourceTree = "<group>"; };
		DAE9852D1B44720300E02557 /* zutil.h */ = {isa = PBXFileReference; fileEncoding = 4; lastKnownFileType = sourcecode.c.h; name = zutil.h; path = ../zlib/zutil.h; sourceTree = "<group>"; };
		DAEAE48F1B29DB5E00842146 /* manipulator.cpp */ = {isa = PBXFileReference; fileEncoding = 4; lastKnownFileType = sourcecode.cpp.cpp; name = manipulator.cpp; path = ../src/manipulator.cpp; sourceTree = "<group>"; };
		DAEAE4901B29DB5E00842146 /* manipulator.h */ = {isa = PBXFileReference; fileEncoding = 4; lastKnownFileType = sourcecode.c.h; name = manipulator.h; path = ../src/manipulator.h; sourceTree = "<group>"; };
		DAEC3A541B38AE530096C444 /* removeManipulator.cpp */ = {isa = PBXFileReference; fileEncoding = 4; lastKnownFileType = sourcecode.cpp.cpp; name = removeManipulator.cpp; path = ../src/removeManipulator.cpp; sourceTree = "<group>"; };
		DAEC3A551B38AE530096C444 /* removeManipulator.h */ = {isa = PBXFileReference; fileEncoding = 4; lastKnownFileType = sourcecode.c.h; name = removeManipulator.h; path = ../src/removeManipulator.h; sourceTree = "<group>"; };
		DAEC3A571B38AE5A0096C444 /* moc_removeManipulator.cpp */ = {isa = PBXFileReference; fileEncoding = 4; lastKnownFileType = sourcecode.cpp.cpp; path = moc_removeManipulator.cpp; sourceTree = "<group>"; };
		DAEC3A591B3AEFEB0096C444 /* polygonManipulator.cpp */ = {isa = PBXFileReference; fileEncoding = 4; lastKnownFileType = sourcecode.cpp.cpp; name = polygonManipulator.cpp; path = ../src/polygonManipulator.cpp; sourceTree = "<group>"; };
		DAEC3A5A1B3AEFEB0096C444 /* polygonManipulator.h */ = {isa = PBXFileReference; fileEncoding = 4; lastKnownFileType = sourcecode.c.h; name = polygonManipulator.h; path = ../src/polygonManipulator.h; sourceTree = "<group>"; };
		DAEC3A5B1B3AEFEB0096C444 /* removeSource.cpp */ = {isa = PBXFileReference; fileEncoding = 4; lastKnownFileType = sourcecode.cpp.cpp; name = removeSource.cpp; path = ../src/removeSource.cpp; sourceTree = "<group>"; };
		DAEC3A5C1B3AEFEB0096C444 /* removeSource.h */ = {isa = PBXFileReference; fileEncoding = 4; lastKnownFileType = sourcecode.c.h; name = removeSource.h; path = ../src/removeSource.h; sourceTree = "<group>"; };
		DAEC3A5F1B3AEFF30096C444 /* moc_polygonManipulator.cpp */ = {isa = PBXFileReference; fileEncoding = 4; lastKnownFileType = sourcecode.cpp.cpp; path = moc_polygonManipulator.cpp; sourceTree = "<group>"; };
		DAEC3A601B3AEFF30096C444 /* moc_removeSource.cpp */ = {isa = PBXFileReference; fileEncoding = 4; lastKnownFileType = sourcecode.cpp.cpp; path = moc_removeSource.cpp; sourceTree = "<group>"; };
		DAEC3A631B3B2A7D0096C444 /* detectCradleDialog.cpp */ = {isa = PBXFileReference; fileEncoding = 4; lastKnownFileType = sourcecode.cpp.cpp; name = detectCradleDialog.cpp; path = ../src/detectCradleDialog.cpp; sourceTree = "<group>"; };
		DAEC3A641B3B2A7D0096C444 /* detectCradleDialog.h */ = {isa = PBXFileReference; fileEncoding = 4; lastKnownFileType = sourcecode.c.h; name = detectCradleDialog.h; path = ../src/detectCradleDialog.h; sourceTree = "<group>"; };
		DAEC3A661B3B2E4B0096C444 /* moc_detectCradleDialog.cpp */ = {isa = PBXFileReference; fileEncoding = 4; lastKnownFileType = sourcecode.cpp.cpp; path = moc_detectCradleDialog.cpp; sourceTree = "<group>"; };
		DAEC3A711B3B35500096C444 /* plugins */ = {isa = PBXFileReference; lastKnownFileType = folder; name = plugins; path = Qt/plugins; sourceTree = "<group>"; };
		DAEC3A721B3B35500096C444 /* QtConcurrent.framework */ = {isa = PBXFileReference; lastKnownFileType = wrapper.framework; name = QtConcurrent.framework; path = Qt/QtConcurrent.framework; sourceTree = "<group>"; };
		DAEC3A731B3B35500096C444 /* QtCore.framework */ = {isa = PBXFileReference; lastKnownFileType = wrapper.framework; name = QtCore.framework; path = Qt/QtCore.framework; sourceTree = "<group>"; };
		DAEC3A741B3B35500096C444 /* QtGui.framework */ = {isa = PBXFileReference; lastKnownFileType = wrapper.framework; name = QtGui.framework; path = Qt/QtGui.framework; sourceTree = "<group>"; };
		DAEC3A751B3B35500096C444 /* QtWidgets.framework */ = {isa = PBXFileReference; lastKnownFileType = wrapper.framework; name = QtWidgets.framework; path = Qt/QtWidgets.framework; sourceTree = "<group>"; };
		DAEC3A761B3B35500096C444 /* QtXml.framework */ = {isa = PBXFileReference; lastKnownFileType = wrapper.framework; name = QtXml.framework; path = Qt/QtXml.framework; sourceTree = "<group>"; };
		DAEFCDE41B445CF600E68314 /* Platypus.plugin */ = {isa = PBXFileReference; explicitFileType = wrapper.cfbundle; includeInIndex = 0; path = Platypus.plugin; sourceTree = BUILT_PRODUCTS_DIR; };
		DAEFCDE71B445CF600E68314 /* Info.plist */ = {isa = PBXFileReference; lastKnownFileType = text.plist.xml; path = Info.plist; sourceTree = "<group>"; };
/* End PBXFileReference section */

/* Begin PBXFrameworksBuildPhase section */
		DA28FFF61B668B1B009FF90F /* Frameworks */ = {
			isa = PBXFrameworksBuildPhase;
			buildActionMask = 2147483647;
			files = (
				DA2800091B668C76009FF90F /* libopencv_imgproc.2.4.9.dylib in Frameworks */,
				DA2800081B668C76009FF90F /* libopencv_highgui.2.4.9.dylib in Frameworks */,
				DA2800071B668C76009FF90F /* libopencv_core.2.4.9.dylib in Frameworks */,
			);
			runOnlyForDeploymentPostprocessing = 0;
		};
		DA95CD711AE6B05D00F48AD3 /* Frameworks */ = {
			isa = PBXFrameworksBuildPhase;
			buildActionMask = 2147483647;
			files = (
				DACF50401B669B08006F8296 /* libopencv_core.2.4.9.dylib in Frameworks */,
				DACF50411B669B09006F8296 /* libopencv_highgui.2.4.9.dylib in Frameworks */,
				DACF50421B669B0B006F8296 /* libopencv_imgproc.2.4.9.dylib in Frameworks */,
				DAEC3A7C1B3B35500096C444 /* QtXml.framework in Frameworks */,
				DAB6D9E01B038A1D00C1C4FF /* OpenGL.framework in Frameworks */,
				DAEC3A781B3B35500096C444 /* QtConcurrent.framework in Frameworks */,
				DAEC3A7B1B3B35500096C444 /* QtWidgets.framework in Frameworks */,
				DAEC3A7A1B3B35500096C444 /* QtGui.framework in Frameworks */,
				DAB6D9DC1B038A0200C1C4FF /* Cocoa.framework in Frameworks */,
				DAB6D9DE1B038A0200C1C4FF /* Carbon.framework in Frameworks */,
				DAEC3A791B3B35500096C444 /* QtCore.framework in Frameworks */,
				DA2B0E7F1B3B39600054DA88 /* QtPrintSupport.framework in Frameworks */,
				DAB6D9E41B038BBA00C1C4FF /* IOKit.framework in Frameworks */,
			);
			runOnlyForDeploymentPostprocessing = 0;
		};
		DAEFCDE11B445CF600E68314 /* Frameworks */ = {
			isa = PBXFrameworksBuildPhase;
			buildActionMask = 2147483647;
			files = (
			);
			runOnlyForDeploymentPostprocessing = 0;
		};
/* End PBXFrameworksBuildPhase section */

/* Begin PBXGroup section */
		DA28FFFA1B668B1B009FF90F /* Cradle Library */ = {
			isa = PBXGroup;
			children = (
				DA988A2F1C04C9FC00210F02 /* FFST.cpp */,
				DA988A301C04C9FC00210F02 /* FFST.h */,
				DA1370DD1BE3BDC800506CB2 /* FDCT.cpp */,
				DA1370DE1BE3BDC800506CB2 /* FDCT.h */,
				DAAB77971B287A48008CA366 /* compat.h */,
				DAAB77991B287A48008CA366 /* CradleFunctions.cpp */,
				DAAB779A1B287A48008CA366 /* CradleFunctions.h */,
				DAAB779B1B287A48008CA366 /* DWT.cpp */,
				DAAB779C1B287A48008CA366 /* DWT.h */,
				DAAB779D1B287A48008CA366 /* HaarDWT.cpp */,
				DAAB779E1B287A48008CA366 /* HaarDWT.h */,
				DAAB77A01B287A48008CA366 /* MCA.cpp */,
				DAAB77A11B287A48008CA366 /* MCA.h */,
				DAAB77A21B287A48008CA366 /* Shearlet.cpp */,
				DAAB77A31B287A48008CA366 /* Shearlet.h */,
				DAAB77A41B287A48008CA366 /* TextureRemoval.cpp */,
				DAAB77A51B287A48008CA366 /* TextureRemoval.h */,
			);
			path = "Cradle Library";
			sourceTree = "<group>";
		};
		DA95CD6B1AE6B05D00F48AD3 = {
			isa = PBXGroup;
			children = (
				DA95CD761AE6B05D00F48AD3 /* platypus */,
				DAEFCDE51B445CF600E68314 /* photoshop */,
				DA28FFFA1B668B1B009FF90F /* Cradle Library */,
				DA95CD751AE6B05D00F48AD3 /* Products */,
			);
			sourceTree = "<group>";
		};
		DA95CD751AE6B05D00F48AD3 /* Products */ = {
			isa = PBXGroup;
			children = (
				DA95CD741AE6B05D00F48AD3 /* Platypus.app */,
				DAEFCDE41B445CF600E68314 /* Platypus.plugin */,
				DA28FFF91B668B1B009FF90F /* libcradle.dylib */,
			);
			name = Products;
			sourceTree = "<group>";
		};
		DA95CD761AE6B05D00F48AD3 /* platypus */ = {
			isa = PBXGroup;
			children = (
				DAAB77AF1B287A48008CA366 /* platypus.qrc */,
				DAAB775E1B287A09008CA366 /* src */,
				DA95CDA81AE9488200F48AD3 /* moc */,
				DA95CD771AE6B05D00F48AD3 /* Supporting Files */,
			);
			name = platypus;
			path = graph;
			sourceTree = "<group>";
		};
		DA95CD771AE6B05D00F48AD3 /* Supporting Files */ = {
			isa = PBXGroup;
			children = (
				DAD2958B1B58483600848DB8 /* AppIcon.icns */,
				DAAB77EE1B2895DD008CA366 /* OpenCV */,
				DAB6D9E31B038BBA00C1C4FF /* IOKit.framework */,
				DAB6D9DF1B038A1D00C1C4FF /* OpenGL.framework */,
				DAB6D9D81B038A0200C1C4FF /* Cocoa.framework */,
				DAB6D9DA1B038A0200C1C4FF /* Carbon.framework */,
				DAB6D9C21B03897A00C1C4FF /* Qt */,
				DA95CD781AE6B05D00F48AD3 /* Info.plist */,
			);
			name = "Supporting Files";
			sourceTree = "<group>";
		};
		DA95CDA81AE9488200F48AD3 /* moc */ = {
			isa = PBXGroup;
			children = (
				DAAB77CF1B287BD6008CA366 /* moc */,
				DAAB77D91B287BD6008CA366 /* resources.cpp */,
			);
			name = moc;
			sourceTree = SOURCE_ROOT;
		};
		DAAB775E1B287A09008CA366 /* src */ = {
			isa = PBXGroup;
			children = (
				DAD928081B4C3D3200B44109 /* textureManipulator.cpp */,
				DAD928091B4C3D3200B44109 /* textureManipulator.h */,
				DA95593D1B4316FC005F61FE /* slider.cpp */,
				DA95593E1B4316FC005F61FE /* slider.h */,
				DAEC3A631B3B2A7D0096C444 /* detectCradleDialog.cpp */,
				DAEC3A641B3B2A7D0096C444 /* detectCradleDialog.h */,
				DAEC3A591B3AEFEB0096C444 /* polygonManipulator.cpp */,
				DAEC3A5A1B3AEFEB0096C444 /* polygonManipulator.h */,
				DAEC3A5B1B3AEFEB0096C444 /* removeSource.cpp */,
				DAEC3A5C1B3AEFEB0096C444 /* removeSource.h */,
				DAEC3A541B38AE530096C444 /* removeManipulator.cpp */,
				DAEC3A551B38AE530096C444 /* removeManipulator.h */,
				DA7C0D511B31C7B0008CF620 /* cvImage.h */,
				DA7C0D321B31C34D008CF620 /* clipboard.cpp */,
				DA7C0D331B31C34D008CF620 /* clipboard.h */,
				DA7C0D341B31C34D008CF620 /* editManipulator.cpp */,
				DA7C0D351B31C34D008CF620 /* editManipulator.h */,
				DA7C0D3A1B31C34D008CF620 /* maskManipulator.cpp */,
				DA7C0D3B1B31C34D008CF620 /* maskManipulator.h */,
				DA7C0D3C1B31C34D008CF620 /* maskShape.cpp */,
				DA7C0D3D1B31C34D008CF620 /* maskShape.h */,
				DA7C0D3E1B31C34D008CF620 /* polygonCommands.cpp */,
				DA7C0D3F1B31C34D008CF620 /* polygonCommands.h */,
				DAAB77A61B287A48008CA366 /* imageManager.cpp */,
				DAAB77A71B287A48008CA366 /* imageManager.h */,
				DAAB77A81B287A48008CA366 /* imageSource.cpp */,
				DAAB77A91B287A48008CA366 /* imageSource.h */,
				DAAB77AA1B287A48008CA366 /* imageViewer.cpp */,
				DAAB77AB1B287A48008CA366 /* imageViewer.h */,
				DAAB77AC1B287A48008CA366 /* main.cpp */,
				DAAB77AD1B287A48008CA366 /* mainWindow.cpp */,
				DAAB77AE1B287A48008CA366 /* mainWindow.h */,
				DAAB77B01B287A48008CA366 /* polygon.cpp */,
				DAAB77B11B287A48008CA366 /* polygon.h */,
				DAAB77B21B287A48008CA366 /* project.cpp */,
				DAAB77B31B287A48008CA366 /* project.h */,
				DAAB77B41B287A48008CA366 /* undoManager.cpp */,
				DAAB77B51B287A48008CA366 /* undoManager.h */,
				DAEAE48F1B29DB5E00842146 /* manipulator.cpp */,
				DAEAE4901B29DB5E00842146 /* manipulator.h */,
				DAE81B891B2A1F8A00E91B1D /* drawManipulator.cpp */,
				DAE81B8A1B2A1F8A00E91B1D /* drawManipulator.h */,
				DAAB77B61B287A48008CA366 /* viewer.cpp */,
				DAAB77B71B287A48008CA366 /* viewer.h */,
				DAAB77B81B287A48008CA366 /* viewerScroller.cpp */,
				DAAB77B91B287A48008CA366 /* viewerScroller.h */,
			);
			name = src;
			sourceTree = SOURCE_ROOT;
		};
		DAAB77CF1B287BD6008CA366 /* moc */ = {
			isa = PBXGroup;
			children = (
				DAD9280B1B4C3DEA00B44109 /* moc_textureManipulator.cpp */,
				DA9559401B43202D005F61FE /* moc_slider.cpp */,
				DAEC3A661B3B2E4B0096C444 /* moc_detectCradleDialog.cpp */,
				DAEC3A5F1B3AEFF30096C444 /* moc_polygonManipulator.cpp */,
				DAEC3A601B3AEFF30096C444 /* moc_removeSource.cpp */,
				DAEC3A571B38AE5A0096C444 /* moc_removeManipulator.cpp */,
				DA7C0D471B31C35C008CF620 /* moc_clipboard.cpp */,
				DA7C0D481B31C35C008CF620 /* moc_editManipulator.cpp */,
				DA7C0D4A1B31C35C008CF620 /* moc_maskManipulator.cpp */,
				DA7C0D4B1B31C35C008CF620 /* moc_maskShape.cpp */,
				DAE81B8C1B2A233A00E91B1D /* moc_drawManipulator.cpp */,
				DAE81B8D1B2A233A00E91B1D /* moc_manipulator.cpp */,
				DAAB77D01B287BD6008CA366 /* moc_imageManager.cpp */,
				DAAB77D11B287BD6008CA366 /* moc_imageSource.cpp */,
				DAAB77D21B287BD6008CA366 /* moc_imageViewer.cpp */,
				DAAB77D31B287BD6008CA366 /* moc_mainWindow.cpp */,
				DAAB77D41B287BD6008CA366 /* moc_polygon.cpp */,
				DAAB77D51B287BD6008CA366 /* moc_project.cpp */,
				DAAB77D61B287BD6008CA366 /* moc_undoManager.cpp */,
				DAAB77D71B287BD6008CA366 /* moc_viewer.cpp */,
				DAAB77D81B287BD6008CA366 /* moc_viewerScroller.cpp */,
			);
			name = moc;
			path = tmp/moc;
			sourceTree = "<group>";
		};
		DAAB77EE1B2895DD008CA366 /* OpenCV */ = {
			isa = PBXGroup;
			children = (
				DAAB77F51B2895F7008CA366 /* libopencv_core.2.4.9.dylib */,
				DAAB77F61B2895F7008CA366 /* libopencv_highgui.2.4.9.dylib */,
				DAAB77F71B2895F7008CA366 /* libopencv_imgproc.2.4.9.dylib */,
			);
			name = OpenCV;
			sourceTree = SOURCE_ROOT;
		};
		DAB6D9C21B03897A00C1C4FF /* Qt */ = {
			isa = PBXGroup;
			children = (
				DAEC3A711B3B35500096C444 /* plugins */,
				DA2B0E7E1B3B39600054DA88 /* QtPrintSupport.framework */,
				DAEC3A721B3B35500096C444 /* QtConcurrent.framework */,
				DAEC3A731B3B35500096C444 /* QtCore.framework */,
				DAEC3A741B3B35500096C444 /* QtGui.framework */,
				DAEC3A751B3B35500096C444 /* QtWidgets.framework */,
				DAEC3A761B3B35500096C444 /* QtXml.framework */,
			);
			name = Qt;
			sourceTree = SOURCE_ROOT;
		};
		DAE9842B1B445FBB00E02557 /* src */ = {
			isa = PBXGroup;
			children = (
				DAE9850B1B4471E700E02557 /* zlib */,
				DAE984381B44627F00E02557 /* tiff */,
				DAE9842C1B445FE900E02557 /* driver.cpp */,
				DAE9842D1B445FE900E02557 /* messageBox.m */,
				DAE9842F1B445FE900E02557 /* tiff.cpp */,
				DAE984301B445FE900E02557 /* tiff.h */,
			);
			name = src;
			sourceTree = SOURCE_ROOT;
		};
		DAE984381B44627F00E02557 /* tiff */ = {
			isa = PBXGroup;
			children = (
				DAE984391B4462AE00E02557 /* t4.h */,
				DAE9843B1B4462AE00E02557 /* tif_aux.c */,
				DAE9843C1B4462AE00E02557 /* tif_close.c */,
				DAE9843D1B4462AE00E02557 /* tif_codec.c */,
				DAE9843E1B4462AE00E02557 /* tif_color.c */,
				DAE9843F1B4462AE00E02557 /* tif_compress.c */,
				DAE984401B4462AE00E02557 /* tif_config.h */,
				DAE984431B4462AE00E02557 /* tif_dir.c */,
				DAE984441B4462AE00E02557 /* tif_dir.h */,
				DAE984451B4462AE00E02557 /* tif_dirinfo.c */,
				DAE984461B4462AE00E02557 /* tif_dirread.c */,
				DAE984471B4462AE00E02557 /* tif_dirwrite.c */,
				DAE984481B4462AE00E02557 /* tif_dumpmode.c */,
				DAE984491B4462AE00E02557 /* tif_error.c */,
				DAE9844A1B4462AE00E02557 /* tif_extension.c */,
				DAE9844B1B4462AE00E02557 /* tif_fax3.c */,
				DAE9844C1B4462AE00E02557 /* tif_fax3.h */,
				DAE9844D1B4462AE00E02557 /* tif_fax3sm.c */,
				DAE9844E1B4462AE00E02557 /* tif_flush.c */,
				DAE9844F1B4462AE00E02557 /* tif_getimage.c */,
				DAE984511B4462AE00E02557 /* tif_luv.c */,
				DAE984521B4462AE00E02557 /* tif_lzw.c */,
				DAE984551B4462AE00E02557 /* tif_ojpeg.c */,
				DAE984561B4462AE00E02557 /* tif_open.c */,
				DAE984571B4462AE00E02557 /* tif_packbits.c */,
				DAE984581B4462AE00E02557 /* tif_pixarlog.c */,
				DAE984591B4462AE00E02557 /* tif_predict.c */,
				DAE9845A1B4462AE00E02557 /* tif_predict.h */,
				DAE9845B1B4462AE00E02557 /* tif_print.c */,
				DAE9845C1B4462AE00E02557 /* tif_read.c */,
				DAE9845D1B4462AE00E02557 /* tif_stream.cxx */,
				DAE9845E1B4462AE00E02557 /* tif_strip.c */,
				DAE9845F1B4462AE00E02557 /* tif_swab.c */,
				DAE984601B4462AE00E02557 /* tif_thunder.c */,
				DAE984611B4462AE00E02557 /* tif_tile.c */,
				DAE984621B4462AE00E02557 /* tif_unix.c */,
				DAE984631B4462AE00E02557 /* tif_version.c */,
				DAE984641B4462AE00E02557 /* tif_warning.c */,
				DAE984661B4462AE00E02557 /* tif_write.c */,
				DAE984671B4462AE00E02557 /* tif_zip.c */,
				DAE984681B4462AE00E02557 /* tiff.h */,
				DAE984691B4462AE00E02557 /* tiffconf.h */,
				DAE9846C1B4462AE00E02557 /* tiffio.h */,
				DAE9846D1B4462AE00E02557 /* tiffio.hxx */,
				DAE9846E1B4462AE00E02557 /* tiffiop.h */,
				DAE9846F1B4462AE00E02557 /* tiffvers.h */,
				DAE984701B4462AE00E02557 /* uvcode.h */,
			);
			name = tiff;
			sourceTree = SOURCE_ROOT;
		};
		DAE9850B1B4471E700E02557 /* zlib */ = {
			isa = PBXGroup;
			children = (
				DAE9850C1B44720300E02557 /* adler32.c */,
				DAE9850D1B44720300E02557 /* compress.c */,
				DAE9850E1B44720300E02557 /* crc32.c */,
				DAE9850F1B44720300E02557 /* crypt.h */,
				DAE985101B44720300E02557 /* deflate.c */,
				DAE985111B44720300E02557 /* deflate.h */,
				DAE985121B44720300E02557 /* gzio.c */,
				DAE985131B44720300E02557 /* infblock.c */,
				DAE985141B44720300E02557 /* infblock.h */,
				DAE985151B44720300E02557 /* infcodes.c */,
				DAE985161B44720300E02557 /* infcodes.h */,
				DAE985171B44720300E02557 /* inffast.c */,
				DAE985181B44720300E02557 /* inffast.h */,
				DAE985191B44720300E02557 /* inffixed.h */,
				DAE9851A1B44720300E02557 /* inflate.c */,
				DAE9851B1B44720300E02557 /* inftrees.c */,
				DAE9851C1B44720300E02557 /* inftrees.h */,
				DAE9851D1B44720300E02557 /* infutil.c */,
				DAE9851E1B44720300E02557 /* infutil.h */,
				DAE9851F1B44720300E02557 /* ioapi.c */,
				DAE985201B44720300E02557 /* ioapi.h */,
				DAE985211B44720300E02557 /* mztools.c */,
				DAE985221B44720300E02557 /* mztools.h */,
				DAE985231B44720300E02557 /* trees.c */,
				DAE985241B44720300E02557 /* trees.h */,
				DAE985251B44720300E02557 /* uncompr.c */,
				DAE985261B44720300E02557 /* unzip.c */,
				DAE985271B44720300E02557 /* unzip.h */,
				DAE985281B44720300E02557 /* zconf.h */,
				DAE985291B44720300E02557 /* zip.c */,
				DAE9852A1B44720300E02557 /* zip.h */,
				DAE9852B1B44720300E02557 /* zlib.h */,
				DAE9852C1B44720300E02557 /* zutil.c */,
				DAE9852D1B44720300E02557 /* zutil.h */,
			);
			name = zlib;
			sourceTree = SOURCE_ROOT;
		};
		DAEFCDE51B445CF600E68314 /* photoshop */ = {
			isa = PBXGroup;
			children = (
				DAE9842B1B445FBB00E02557 /* src */,
				DAEFCDE61B445CF600E68314 /* Supporting Files */,
			);
			name = photoshop;
			path = "Platypus Photoshop Plugin";
			sourceTree = "<group>";
		};
		DAEFCDE61B445CF600E68314 /* Supporting Files */ = {
			isa = PBXGroup;
			children = (
				DAE9842E1B445FE900E02557 /* platypus.r */,
				DAEFCDE71B445CF600E68314 /* Info.plist */,
			);
			name = "Supporting Files";
			sourceTree = "<group>";
		};
/* End PBXGroup section */

/* Begin PBXHeadersBuildPhase section */
		DA28FFF71B668B1B009FF90F /* Headers */ = {
			isa = PBXHeadersBuildPhase;
			buildActionMask = 2147483647;
			files = (
			);
			runOnlyForDeploymentPostprocessing = 0;
		};
/* End PBXHeadersBuildPhase section */

/* Begin PBXNativeTarget section */
		DA28FFF81B668B1B009FF90F /* cradle */ = {
			isa = PBXNativeTarget;
			buildConfigurationList = DA2800011B668B1B009FF90F /* Build configuration list for PBXNativeTarget "cradle" */;
			buildPhases = (
				DA28FFF51B668B1B009FF90F /* Sources */,
				DA28FFF61B668B1B009FF90F /* Frameworks */,
				DA28FFF71B668B1B009FF90F /* Headers */,
			);
			buildRules = (
			);
			dependencies = (
			);
			name = cradle;
			productName = "Cradle Library";
			productReference = DA28FFF91B668B1B009FF90F /* libcradle.dylib */;
			productType = "com.apple.product-type.library.dynamic";
		};
		DA95CD731AE6B05D00F48AD3 /* Platypus */ = {
			isa = PBXNativeTarget;
			buildConfigurationList = DA95CD911AE6B05D00F48AD3 /* Build configuration list for PBXNativeTarget "Platypus" */;
			buildPhases = (
				DA95CD701AE6B05D00F48AD3 /* Sources */,
				DA95CD711AE6B05D00F48AD3 /* Frameworks */,
				DA95CD721AE6B05D00F48AD3 /* Resources */,
				DAEC3A7F1B3B35D50096C444 /* Copy Frameworks */,
				DAEC3A7E1B3B358C0096C444 /* Retarget Qt */,
			);
			buildRules = (
			);
			dependencies = (
			);
			name = Platypus;
			productName = graph;
			productReference = DA95CD741AE6B05D00F48AD3 /* Platypus.app */;
			productType = "com.apple.product-type.application";
		};
		DAEFCDE31B445CF600E68314 /* photoshop */ = {
			isa = PBXNativeTarget;
			buildConfigurationList = DAEFCDEA1B445CF600E68314 /* Build configuration list for PBXNativeTarget "photoshop" */;
			buildPhases = (
				DAEFCDE01B445CF600E68314 /* Sources */,
				DAEFCDE11B445CF600E68314 /* Frameworks */,
				DAEFCDE21B445CF600E68314 /* Resources */,
				DAE984341B445FF700E02557 /* Rez */,
			);
			buildRules = (
			);
			dependencies = (
			);
			name = photoshop;
			productName = "Platypus Photoshop Plugin";
			productReference = DAEFCDE41B445CF600E68314 /* Platypus.plugin */;
			productType = "com.apple.product-type.bundle";
		};
/* End PBXNativeTarget section */

/* Begin PBXProject section */
		DA95CD6C1AE6B05D00F48AD3 /* Project object */ = {
			isa = PBXProject;
			attributes = {
				LastUpgradeCheck = 0610;
				ORGANIZATIONNAME = "Digital Film Tools";
				TargetAttributes = {
					DA28FFF81B668B1B009FF90F = {
						CreatedOnToolsVersion = 6.1.1;
					};
					DA95CD731AE6B05D00F48AD3 = {
						CreatedOnToolsVersion = 6.1.1;
					};
					DAEFCDE31B445CF600E68314 = {
						CreatedOnToolsVersion = 6.1.1;
					};
				};
			};
			buildConfigurationList = DA95CD6F1AE6B05D00F48AD3 /* Build configuration list for PBXProject "Platypus" */;
			compatibilityVersion = "Xcode 3.2";
			developmentRegion = English;
			hasScannedForEncodings = 0;
			knownRegions = (
				en,
				Base,
			);
			mainGroup = DA95CD6B1AE6B05D00F48AD3;
			productRefGroup = DA95CD751AE6B05D00F48AD3 /* Products */;
			projectDirPath = "";
			projectRoot = "";
			targets = (
				DA95CD731AE6B05D00F48AD3 /* Platypus */,
				DAEFCDE31B445CF600E68314 /* photoshop */,
				DA28FFF81B668B1B009FF90F /* cradle */,
			);
		};
/* End PBXProject section */

/* Begin PBXResourcesBuildPhase section */
		DA95CD721AE6B05D00F48AD3 /* Resources */ = {
			isa = PBXResourcesBuildPhase;
			buildActionMask = 2147483647;
			files = (
				DAEC3A771B3B35500096C444 /* plugins in Resources */,
				DAD2958C1B58483600848DB8 /* AppIcon.icns in Resources */,
			);
			runOnlyForDeploymentPostprocessing = 0;
		};
		DAEFCDE21B445CF600E68314 /* Resources */ = {
			isa = PBXResourcesBuildPhase;
			buildActionMask = 2147483647;
			files = (
			);
			runOnlyForDeploymentPostprocessing = 0;
		};
/* End PBXResourcesBuildPhase section */

/* Begin PBXRezBuildPhase section */
		DAE984341B445FF700E02557 /* Rez */ = {
			isa = PBXRezBuildPhase;
			buildActionMask = 2147483647;
			files = (
				DAE984351B445FFB00E02557 /* platypus.r in Rez */,
			);
			runOnlyForDeploymentPostprocessing = 0;
		};
/* End PBXRezBuildPhase section */

/* Begin PBXShellScriptBuildPhase section */
		DAEC3A7E1B3B358C0096C444 /* Retarget Qt */ = {
			isa = PBXShellScriptBuildPhase;
			buildActionMask = 2147483647;
			files = (
			);
			inputPaths = (
			);
			name = "Retarget Qt";
			outputPaths = (
			);
			runOnlyForDeploymentPostprocessing = 0;
			shellPath = /bin/sh;
			shellScript = "QT_PREFIX=\"/Users/paul/qt/5.3.0/5.3/clang_64/lib\"\n\ninstall_name_tool -change \"$QT_PREFIX\"/QtCore.framework/Versions/5/QtCore @executable_path/../Frameworks/QtCore.framework/Versions/5/QtCore \"$TARGET_BUILD_DIR/$EXECUTABLE_PATH\"\ninstall_name_tool -change \"$QT_PREFIX\"/QtXml.framework/Versions/5/QtXml @executable_path/../Frameworks/QtXml.framework/Versions/5/QtXml \"$TARGET_BUILD_DIR/$EXECUTABLE_PATH\"\ninstall_name_tool -change \"$QT_PREFIX\"/QtConcurrent.framework/Versions/5/QtConcurrent @executable_path/../Frameworks/QtConcurrent.framework/Versions/5/QtConcurrent \"$TARGET_BUILD_DIR/$EXECUTABLE_PATH\"\ninstall_name_tool -change \"$QT_PREFIX\"/QtGui.framework/Versions/5/QtGui @executable_path/../Frameworks/QtGui.framework/Versions/5/QtGui \"$TARGET_BUILD_DIR/$EXECUTABLE_PATH\"\ninstall_name_tool -change \"$QT_PREFIX\"/QtWidgets.framework/Versions/5/QtWidgets @executable_path/../Frameworks/QtWidgets.framework/Versions/5/QtWidgets \"$TARGET_BUILD_DIR/$EXECUTABLE_PATH\"\ninstall_name_tool -change \"$QT_PREFIX\"/QtPrintSupport.framework/Versions/5/QtPrintSupport @executable_path/../Frameworks/QtPrintSupport.framework/Versions/5/QtPrintSupport \"$TARGET_BUILD_DIR/$EXECUTABLE_PATH\"\n\n";
		};
/* End PBXShellScriptBuildPhase section */

/* Begin PBXSourcesBuildPhase section */
		DA28FFF51B668B1B009FF90F /* Sources */ = {
			isa = PBXSourcesBuildPhase;
			buildActionMask = 2147483647;
			files = (
			);
			runOnlyForDeploymentPostprocessing = 0;
		};
		DA95CD701AE6B05D00F48AD3 /* Sources */ = {
			isa = PBXSourcesBuildPhase;
			buildActionMask = 2147483647;
			files = (
				DAAB77C41B287A48008CA366 /* imageViewer.cpp in Sources */,
				DA7C0D501B31C35C008CF620 /* moc_maskShape.cpp in Sources */,
				DAAB77E11B287BD6008CA366 /* moc_viewer.cpp in Sources */,
				DAE81B8F1B2A233A00E91B1D /* moc_manipulator.cpp in Sources */,
				DA95593F1B4316FC005F61FE /* slider.cpp in Sources */,
				DAAB77C91B287A48008CA366 /* project.cpp in Sources */,
				DA1370DF1BE3BDC800506CB2 /* FDCT.cpp in Sources */,
				DAC84D861B8F65B000E15280 /* MCA.cpp in Sources */,
				DAAB77DE1B287BD6008CA366 /* moc_polygon.cpp in Sources */,
				DAEC3A611B3AEFF30096C444 /* moc_polygonManipulator.cpp in Sources */,
				DAAB77E01B287BD6008CA366 /* moc_undoManager.cpp in Sources */,
				DAAB77C81B287A48008CA366 /* polygon.cpp in Sources */,
				DAEC3A581B38AE5A0096C444 /* moc_removeManipulator.cpp in Sources */,
				DAE81B8E1B2A233A00E91B1D /* moc_drawManipulator.cpp in Sources */,
				DAAB77E31B287BD6008CA366 /* resources.cpp in Sources */,
				DA7C0D451B31C34D008CF620 /* maskShape.cpp in Sources */,
				DAC84D871B8F65B000E15280 /* Shearlet.cpp in Sources */,
				DAAB77CA1B287A48008CA366 /* undoManager.cpp in Sources */,
				DAAB77DA1B287BD6008CA366 /* moc_imageManager.cpp in Sources */,
				DAEC3A621B3AEFF30096C444 /* moc_removeSource.cpp in Sources */,
				DAEC3A5D1B3AEFEB0096C444 /* polygonManipulator.cpp in Sources */,
				DAEC3A5E1B3AEFEB0096C444 /* removeSource.cpp in Sources */,
				DAAB77DD1B287BD6008CA366 /* moc_mainWindow.cpp in Sources */,
				DAAB77CC1B287A48008CA366 /* viewerScroller.cpp in Sources */,
				DAC84D841B8F65B000E15280 /* DWT.cpp in Sources */,
				DA7C0D4D1B31C35C008CF620 /* moc_editManipulator.cpp in Sources */,
				DAD9280A1B4C3D3200B44109 /* textureManipulator.cpp in Sources */,
				DAAB77C61B287A48008CA366 /* mainWindow.cpp in Sources */,
				DAEC3A671B3B2E4B0096C444 /* moc_detectCradleDialog.cpp in Sources */,
				DA7C0D401B31C34D008CF620 /* clipboard.cpp in Sources */,
				DA7C0D461B31C34D008CF620 /* polygonCommands.cpp in Sources */,
				DAEC3A651B3B2A7D0096C444 /* detectCradleDialog.cpp in Sources */,
				DA7C0D441B31C34D008CF620 /* maskManipulator.cpp in Sources */,
				DAEC3A561B38AE530096C444 /* removeManipulator.cpp in Sources */,
				DAAB77DB1B287BD6008CA366 /* moc_imageSource.cpp in Sources */,
				DA9559411B43202D005F61FE /* moc_slider.cpp in Sources */,
				DAE81B8B1B2A1F8A00E91B1D /* drawManipulator.cpp in Sources */,
				DA7C0D411B31C34D008CF620 /* editManipulator.cpp in Sources */,
				DA7C0D4C1B31C35C008CF620 /* moc_clipboard.cpp in Sources */,
				DAAB77CB1B287A48008CA366 /* viewer.cpp in Sources */,
				DAC84D881B8F65B000E15280 /* TextureRemoval.cpp in Sources */,
				DAAB77C31B287A48008CA366 /* imageSource.cpp in Sources */,
				DAAB77DC1B287BD6008CA366 /* moc_imageViewer.cpp in Sources */,
				DAC84D851B8F65B000E15280 /* HaarDWT.cpp in Sources */,
				DA988A311C04C9FC00210F02 /* FFST.cpp in Sources */,
				DAD9280C1B4C3DEA00B44109 /* moc_textureManipulator.cpp in Sources */,
				DAAB77E21B287BD6008CA366 /* moc_viewerScroller.cpp in Sources */,
				DAEAE4911B29DB5E00842146 /* manipulator.cpp in Sources */,
				DAAB77C51B287A48008CA366 /* main.cpp in Sources */,
				DAC84D831B8F65B000E15280 /* CradleFunctions.cpp in Sources */,
				DAAB77DF1B287BD6008CA366 /* moc_project.cpp in Sources */,
				DA7C0D4F1B31C35C008CF620 /* moc_maskManipulator.cpp in Sources */,
				DAAB77C21B287A48008CA366 /* imageManager.cpp in Sources */,
			);
			runOnlyForDeploymentPostprocessing = 0;
		};
		DAEFCDE01B445CF600E68314 /* Sources */ = {
			isa = PBXSourcesBuildPhase;
			buildActionMask = 2147483647;
			files = (
				DAE984931B4462AE00E02557 /* tif_thunder.c in Sources */,
				DAE9848B1B4462AE00E02557 /* tif_packbits.c in Sources */,
				DAE985381B44720300E02557 /* infutil.c in Sources */,
				DAE9848E1B4462AE00E02557 /* tif_print.c in Sources */,
				DAE9847A1B4462AE00E02557 /* tif_dirinfo.c in Sources */,
				DAE9853C1B44720300E02557 /* uncompr.c in Sources */,
				DAE984941B4462AE00E02557 /* tif_tile.c in Sources */,
				DAE984811B4462AE00E02557 /* tif_fax3sm.c in Sources */,
				DAE984971B4462AE00E02557 /* tif_warning.c in Sources */,
				DAE984731B4462AE00E02557 /* tif_close.c in Sources */,
				DAE984761B4462AE00E02557 /* tif_compress.c in Sources */,
				DAE9847D1B4462AE00E02557 /* tif_dumpmode.c in Sources */,
				DAE9848C1B4462AE00E02557 /* tif_pixarlog.c in Sources */,
				DAE985331B44720300E02557 /* infblock.c in Sources */,
				DAE984831B4462AE00E02557 /* tif_getimage.c in Sources */,
				DAE9847F1B4462AE00E02557 /* tif_extension.c in Sources */,
				DAE9853F1B44720300E02557 /* zutil.c in Sources */,
				DAE985091B446FBE00E02557 /* driver.cpp in Sources */,
				DAE984861B4462AE00E02557 /* tif_lzw.c in Sources */,
				DAE9853D1B44720300E02557 /* unzip.c in Sources */,
				DAE984791B4462AE00E02557 /* tif_dir.c in Sources */,
				DAE985361B44720300E02557 /* inflate.c in Sources */,
				DAE984891B4462AE00E02557 /* tif_ojpeg.c in Sources */,
				DAE9852E1B44720300E02557 /* adler32.c in Sources */,
				DAE984951B4462AE00E02557 /* tif_unix.c in Sources */,
				DAE984371B44624700E02557 /* tiff.cpp in Sources */,
				DAE984911B4462AE00E02557 /* tif_strip.c in Sources */,
				DAE985391B44720300E02557 /* ioapi.c in Sources */,
				DAE985301B44720300E02557 /* crc32.c in Sources */,
				DAE984921B4462AE00E02557 /* tif_swab.c in Sources */,
				DAE984721B4462AE00E02557 /* tif_aux.c in Sources */,
				DAE985341B44720300E02557 /* infcodes.c in Sources */,
				DAE985371B44720300E02557 /* inftrees.c in Sources */,
				DAE984821B4462AE00E02557 /* tif_flush.c in Sources */,
				DAE9853E1B44720300E02557 /* zip.c in Sources */,
				DAE984991B4462AE00E02557 /* tif_write.c in Sources */,
				DAE984801B4462AE00E02557 /* tif_fax3.c in Sources */,
				DAE984741B4462AE00E02557 /* tif_codec.c in Sources */,
				DAE9848D1B4462AE00E02557 /* tif_predict.c in Sources */,
				DAE985351B44720300E02557 /* inffast.c in Sources */,
				DAE984751B4462AE00E02557 /* tif_color.c in Sources */,
				DAE984961B4462AE00E02557 /* tif_version.c in Sources */,
				DAE9850A1B446FEC00E02557 /* messageBox.m in Sources */,
				DAE984851B4462AE00E02557 /* tif_luv.c in Sources */,
				DAE9848A1B4462AE00E02557 /* tif_open.c in Sources */,
				DAE9853A1B44720300E02557 /* mztools.c in Sources */,
				DAE9847B1B4462AE00E02557 /* tif_dirread.c in Sources */,
				DAE9847E1B4462AE00E02557 /* tif_error.c in Sources */,
				DAE9849A1B4462AE00E02557 /* tif_zip.c in Sources */,
				DAE985321B44720300E02557 /* gzio.c in Sources */,
				DAE985311B44720300E02557 /* deflate.c in Sources */,
				DAE9853B1B44720300E02557 /* trees.c in Sources */,
				DAE984901B4462AE00E02557 /* tif_stream.cxx in Sources */,
				DAE9847C1B4462AE00E02557 /* tif_dirwrite.c in Sources */,
				DAE9848F1B4462AE00E02557 /* tif_read.c in Sources */,
				DAE9852F1B44720300E02557 /* compress.c in Sources */,
			);
			runOnlyForDeploymentPostprocessing = 0;
		};
/* End PBXSourcesBuildPhase section */

/* Begin XCBuildConfiguration section */
		DA2800021B668B1B009FF90F /* Debug */ = {
			isa = XCBuildConfiguration;
			buildSettings = {
				CLANG_CXX_LANGUAGE_STANDARD = "c++0x";
				DYLIB_COMPATIBILITY_VERSION = 1;
				DYLIB_CURRENT_VERSION = 1;
				EXECUTABLE_PREFIX = lib;
				GCC_ENABLE_CPP_EXCEPTIONS = YES;
				GCC_ENABLE_CPP_RTTI = YES;
				GCC_PREPROCESSOR_DEFINITIONS = (
					"DEBUG=1",
					"$(inherited)",
				);
				GCC_SYMBOLS_PRIVATE_EXTERN = NO;
				HEADER_SEARCH_PATHS = (
					"~/qt/5.3.0/5.3/clang_64/include",
					../OpenCV/include,
				);
				LIBRARY_SEARCH_PATHS = (
					"$(inherited)",
					"~/qt/5.3.0/5.3/clang_64/lib",
					"~/git/dft/duke/OpenCV/lib",
					/Volumes/Home/Users/paul/git/dft/duke/OpenCV/lib,
				);
				PRODUCT_NAME = "$(TARGET_NAME)";
			};
			name = Debug;
		};
		DA2800031B668B1B009FF90F /* Release */ = {
			isa = XCBuildConfiguration;
			buildSettings = {
				CLANG_CXX_LANGUAGE_STANDARD = "c++0x";
				DYLIB_COMPATIBILITY_VERSION = 1;
				DYLIB_CURRENT_VERSION = 1;
				EXECUTABLE_PREFIX = lib;
				GCC_ENABLE_CPP_EXCEPTIONS = YES;
				GCC_ENABLE_CPP_RTTI = YES;
				GCC_SYMBOLS_PRIVATE_EXTERN = NO;
				HEADER_SEARCH_PATHS = (
					"~/qt/5.3.0/5.3/clang_64/include",
					../OpenCV/include,
				);
				LIBRARY_SEARCH_PATHS = (
					"$(inherited)",
					"~/qt/5.3.0/5.3/clang_64/lib",
					"~/git/dft/duke/OpenCV/lib",
					/Volumes/Home/Users/paul/git/dft/duke/OpenCV/lib,
				);
				PRODUCT_NAME = "$(TARGET_NAME)";
			};
			name = Release;
		};
		DA95CD8F1AE6B05D00F48AD3 /* Debug */ = {
			isa = XCBuildConfiguration;
			buildSettings = {
				ALWAYS_SEARCH_USER_PATHS = NO;
				CLANG_CXX_LANGUAGE_STANDARD = "gnu++0x";
				CLANG_CXX_LIBRARY = "libc++";
				CLANG_ENABLE_MODULES = YES;
				CLANG_ENABLE_OBJC_ARC = YES;
				CLANG_WARN_BOOL_CONVERSION = YES;
				CLANG_WARN_CONSTANT_CONVERSION = YES;
				CLANG_WARN_DIRECT_OBJC_ISA_USAGE = YES_ERROR;
				CLANG_WARN_EMPTY_BODY = YES;
				CLANG_WARN_ENUM_CONVERSION = YES;
				CLANG_WARN_INT_CONVERSION = YES;
				CLANG_WARN_OBJC_ROOT_CLASS = YES_ERROR;
				CLANG_WARN_UNREACHABLE_CODE = YES;
				CLANG_WARN__DUPLICATE_METHOD_MATCH = YES;
				CODE_SIGN_IDENTITY = "-";
				COPY_PHASE_STRIP = NO;
				ENABLE_STRICT_OBJC_MSGSEND = YES;
				GCC_C_LANGUAGE_STANDARD = gnu99;
				GCC_DYNAMIC_NO_PIC = NO;
				GCC_OPTIMIZATION_LEVEL = 0;
				GCC_PREPROCESSOR_DEFINITIONS = (
					"DEBUG=1",
					"$(inherited)",
				);
				GCC_SYMBOLS_PRIVATE_EXTERN = NO;
				GCC_WARN_64_TO_32_BIT_CONVERSION = YES;
				GCC_WARN_ABOUT_RETURN_TYPE = YES_ERROR;
				GCC_WARN_UNDECLARED_SELECTOR = YES;
				GCC_WARN_UNINITIALIZED_AUTOS = YES_AGGRESSIVE;
				GCC_WARN_UNUSED_FUNCTION = YES;
				GCC_WARN_UNUSED_VARIABLE = YES;
				MACOSX_DEPLOYMENT_TARGET = 10.10;
				MTL_ENABLE_DEBUG_INFO = YES;
				ONLY_ACTIVE_ARCH = YES;
				SDKROOT = macosx;
			};
			name = Debug;
		};
		DA95CD901AE6B05D00F48AD3 /* Release */ = {
			isa = XCBuildConfiguration;
			buildSettings = {
				ALWAYS_SEARCH_USER_PATHS = NO;
				CLANG_CXX_LANGUAGE_STANDARD = "gnu++0x";
				CLANG_CXX_LIBRARY = "libc++";
				CLANG_ENABLE_MODULES = YES;
				CLANG_ENABLE_OBJC_ARC = YES;
				CLANG_WARN_BOOL_CONVERSION = YES;
				CLANG_WARN_CONSTANT_CONVERSION = YES;
				CLANG_WARN_DIRECT_OBJC_ISA_USAGE = YES_ERROR;
				CLANG_WARN_EMPTY_BODY = YES;
				CLANG_WARN_ENUM_CONVERSION = YES;
				CLANG_WARN_INT_CONVERSION = YES;
				CLANG_WARN_OBJC_ROOT_CLASS = YES_ERROR;
				CLANG_WARN_UNREACHABLE_CODE = YES;
				CLANG_WARN__DUPLICATE_METHOD_MATCH = YES;
				CODE_SIGN_IDENTITY = "-";
				COPY_PHASE_STRIP = YES;
				DEBUG_INFORMATION_FORMAT = "dwarf-with-dsym";
				ENABLE_NS_ASSERTIONS = NO;
				ENABLE_STRICT_OBJC_MSGSEND = YES;
				GCC_C_LANGUAGE_STANDARD = gnu99;
				GCC_WARN_64_TO_32_BIT_CONVERSION = YES;
				GCC_WARN_ABOUT_RETURN_TYPE = YES_ERROR;
				GCC_WARN_UNDECLARED_SELECTOR = YES;
				GCC_WARN_UNINITIALIZED_AUTOS = YES_AGGRESSIVE;
				GCC_WARN_UNUSED_FUNCTION = YES;
				GCC_WARN_UNUSED_VARIABLE = YES;
				MACOSX_DEPLOYMENT_TARGET = 10.10;
				MTL_ENABLE_DEBUG_INFO = NO;
				SDKROOT = macosx;
			};
			name = Release;
		};
		DA95CD921AE6B05D00F48AD3 /* Debug */ = {
			isa = XCBuildConfiguration;
			buildSettings = {
				ASSETCATALOG_COMPILER_APPICON_NAME = AppIcon;
				CLANG_CXX_LANGUAGE_STANDARD = "c++0x";
				CLANG_CXX_LIBRARY = "libc++";
				CODE_SIGN_IDENTITY = "";
				COMBINE_HIDPI_IMAGES = YES;
				FRAMEWORK_SEARCH_PATHS = (
					"$(inherited)",
					/Volumes/Home/Users/paul/qt/5.3.0/5.3/clang_64/lib,
					"$(PROJECT_DIR)/Qt",
				);
				HEADER_SEARCH_PATHS = (
					"~/qt/5.3.0/5.3/clang_64/include",
					../OpenCV/include,
				);
				INFOPLIST_FILE = "$(SRCROOT)/Info.plist";
				LIBRARY_SEARCH_PATHS = (
					"$(inherited)",
					"~/qt/5.3.0/5.3/clang_64/lib",
					"~/git/dft/duke/OpenCV/lib",
					/Volumes/Home/Users/paul/git/dft/duke/OpenCV/lib,
				);
				MACOSX_DEPLOYMENT_TARGET = 10.8;
				OTHER_LDFLAGS = "-lz";
				PRODUCT_NAME = "$(TARGET_NAME)";
			};
			name = Debug;
		};
		DA95CD931AE6B05D00F48AD3 /* Release */ = {
			isa = XCBuildConfiguration;
			buildSettings = {
				ASSETCATALOG_COMPILER_APPICON_NAME = AppIcon;
				CLANG_CXX_LANGUAGE_STANDARD = "c++0x";
				CLANG_CXX_LIBRARY = "libc++";
				CODE_SIGN_IDENTITY = "";
				COMBINE_HIDPI_IMAGES = YES;
				FRAMEWORK_SEARCH_PATHS = (
					"$(inherited)",
					/Volumes/Home/Users/paul/qt/5.3.0/5.3/clang_64/lib,
					"$(PROJECT_DIR)/Qt",
				);
				GCC_OPTIMIZATION_LEVEL = 3;
				HEADER_SEARCH_PATHS = (
					"~/qt/5.3.0/5.3/clang_64/include",
					../OpenCV/include,
				);
				INFOPLIST_FILE = "$(SRCROOT)/Info.plist";
				LIBRARY_SEARCH_PATHS = (
					"$(inherited)",
					"~/qt/5.3.0/5.3/clang_64/lib",
					"~/git/dft/duke/OpenCV/lib",
					/Volumes/Home/Users/paul/git/dft/duke/OpenCV/lib,
				);
				MACOSX_DEPLOYMENT_TARGET = 10.8;
				OTHER_LDFLAGS = "-lz";
				PRODUCT_NAME = "$(TARGET_NAME)";
			};
			name = Release;
		};
		DAEFCDE81B445CF600E68314 /* Debug */ = {
			isa = XCBuildConfiguration;
			buildSettings = {
				CLANG_CXX_LANGUAGE_STANDARD = "c++0x";
				CLANG_CXX_LIBRARY = "libstdc++";
				CODE_SIGN_IDENTITY = "";
				COMBINE_HIDPI_IMAGES = YES;
				GCC_PREPROCESSOR_DEFINITIONS = (
					"DEBUG=1",
					"$(inherited)",
				);
				GENERATE_PKGINFO_FILE = YES;
				HEADER_SEARCH_PATHS = (
					../,
					"~/git/dft/sdk/photoshopCC/**",
				);
				INFOPLIST_FILE = ../photoshop/Info.plist;
				INSTALL_PATH = "$(LOCAL_LIBRARY_DIR)/Bundles";
				MACOSX_DEPLOYMENT_TARGET = 10.8;
				PRODUCT_NAME = Platypus;
				REZ_PREFIX_FILE = "~/git/dft/sdk/photoshopCC/samplecode/common/includes/MachOMacrezXcode.h";
				SDKROOT = macosx10.9;
				SKIP_INSTALL = YES;
				WRAPPER_EXTENSION = plugin;
			};
			name = Debug;
		};
		DAEFCDE91B445CF600E68314 /* Release */ = {
			isa = XCBuildConfiguration;
			buildSettings = {
				CLANG_CXX_LANGUAGE_STANDARD = "c++0x";
				CLANG_CXX_LIBRARY = "libstdc++";
				CODE_SIGN_IDENTITY = "";
				COMBINE_HIDPI_IMAGES = YES;
				GCC_OPTIMIZATION_LEVEL = 3;
				GCC_PREPROCESSOR_DEFINITIONS = NDEBUG;
				GENERATE_PKGINFO_FILE = YES;
				HEADER_SEARCH_PATHS = (
					../,
					"~/git/dft/sdk/photoshopCC/**",
				);
				INFOPLIST_FILE = ../photoshop/Info.plist;
				INSTALL_PATH = "$(LOCAL_LIBRARY_DIR)/Bundles";
				MACOSX_DEPLOYMENT_TARGET = 10.8;
				PRODUCT_NAME = Platypus;
				REZ_PREFIX_FILE = "~/git/dft/sdk/photoshopCC/samplecode/common/includes/MachOMacrezXcode.h";
				SDKROOT = macosx10.9;
				SKIP_INSTALL = YES;
				WRAPPER_EXTENSION = plugin;
			};
			name = Release;
		};
/* End XCBuildConfiguration section */

/* Begin XCConfigurationList section */
		DA2800011B668B1B009FF90F /* Build configuration list for PBXNativeTarget "cradle" */ = {
			isa = XCConfigurationList;
			buildConfigurations = (
				DA2800021B668B1B009FF90F /* Debug */,
				DA2800031B668B1B009FF90F /* Release */,
			);
			defaultConfigurationIsVisible = 0;
			defaultConfigurationName = Release;
		};
		DA95CD6F1AE6B05D00F48AD3 /* Build configuration list for PBXProject "Platypus" */ = {
			isa = XCConfigurationList;
			buildConfigurations = (
				DA95CD8F1AE6B05D00F48AD3 /* Debug */,
				DA95CD901AE6B05D00F48AD3 /* Release */,
			);
			defaultConfigurationIsVisible = 0;
			defaultConfigurationName = Release;
		};
		DA95CD911AE6B05D00F48AD3 /* Build configuration list for PBXNativeTarget "Platypus" */ = {
			isa = XCConfigurationList;
			buildConfigurations = (
				DA95CD921AE6B05D00F48AD3 /* Debug */,
				DA95CD931AE6B05D00F48AD3 /* Release */,
			);
			defaultConfigurationIsVisible = 0;
			defaultConfigurationName = Release;
		};
		DAEFCDEA1B445CF600E68314 /* Build configuration list for PBXNativeTarget "photoshop" */ = {
			isa = XCConfigurationList;
			buildConfigurations = (
				DAEFCDE81B445CF600E68314 /* Debug */,
				DAEFCDE91B445CF600E68314 /* Release */,
			);
			defaultConfigurationIsVisible = 0;
			defaultConfigurationName = Release;
		};
/* End XCConfigurationList section */
	};
	rootObject = DA95CD6C1AE6B05D00F48AD3 /* Project object */;
}
